
Microsoft Visual Studio Solution File, Format Version 12.00
# Visual Studio Version 16
VisualStudioVersion = 16.0.31112.23
MinimumVisualStudioVersion = 10.0.40219.1
Project("{FAE04EC0-301F-11D3-BF4B-00C04F79EFBC}") = "Ejercicio_04", "Ejercicio_04\Ejercicio_04.csproj", "{08F80E03-FAB8-4CAE-A8CA-B6856D76E8F6}"
EndProject
Project("{FAE04EC0-301F-11D3-BF4B-00C04F79EFBC}") = "PerfectNumber", "PerfectNumber\PerfectNumber.csproj", "{69DA41ED-1BBF-4529-A5E4-F25626831141}"
EndProject
Global
	GlobalSection(SolutionConfigurationPlatforms) = preSolution
		Debug|Any CPU = Debug|Any CPU
		Release|Any CPU = Release|Any CPU
	EndGlobalSection
	GlobalSection(ProjectConfigurationPlatforms) = postSolution
		{08F80E03-FAB8-4CAE-A8CA-B6856D76E8F6}.Debug|Any CPU.ActiveCfg = Debug|Any CPU
		{08F80E03-FAB8-4CAE-A8CA-B6856D76E8F6}.Debug|Any CPU.Build.0 = Debug|Any CPU
		{08F80E03-FAB8-4CAE-A8CA-B6856D76E8F6}.Release|Any CPU.ActiveCfg = Release|Any CPU
		{08F80E03-FAB8-4CAE-A8CA-B6856D76E8F6}.Release|Any CPU.Build.0 = Release|Any CPU
		{69DA41ED-1BBF-4529-A5E4-F25626831141}.Debug|Any CPU.ActiveCfg = Debug|Any CPU
		{69DA41ED-1BBF-4529-A5E4-F25626831141}.Debug|Any CPU.Build.0 = Debug|Any CPU
		{69DA41ED-1BBF-4529-A5E4-F25626831141}.Release|Any CPU.ActiveCfg = Release|Any CPU
		{69DA41ED-1BBF-4529-A5E4-F25626831141}.Release|Any CPU.Build.0 = Release|Any CPU
	EndGlobalSection
	GlobalSection(SolutionProperties) = preSolution
		HideSolutionNode = FALSE
	EndGlobalSection
	GlobalSection(ExtensibilityGlobals) = postSolution
		SolutionGuid = {53F37209-B9CE-4205-ABB1-E41239C86984}
	EndGlobalSection
EndGlobal
