
Microsoft Visual Studio Solution File, Format Version 12.00
# Visual Studio Version 16
VisualStudioVersion = 16.0.31129.286
MinimumVisualStudioVersion = 10.0.40219.1
Project("{FAE04EC0-301F-11D3-BF4B-00C04F79EFBC}") = "Practica_07_Polymorphism", "Practica_07_Polymorphism\Practica_07_Polymorphism.csproj", "{7FEBDEBD-9444-44AA-96CE-12777728DF6F}"
EndProject
Project("{FAE04EC0-301F-11D3-BF4B-00C04F79EFBC}") = "Entities", "Entities\Entities.csproj", "{6EC19883-61FA-43BF-AD95-99855A101A66}"
EndProject
Global
	GlobalSection(SolutionConfigurationPlatforms) = preSolution
		Debug|Any CPU = Debug|Any CPU
		Release|Any CPU = Release|Any CPU
	EndGlobalSection
	GlobalSection(ProjectConfigurationPlatforms) = postSolution
		{7FEBDEBD-9444-44AA-96CE-12777728DF6F}.Debug|Any CPU.ActiveCfg = Debug|Any CPU
		{7FEBDEBD-9444-44AA-96CE-12777728DF6F}.Debug|Any CPU.Build.0 = Debug|Any CPU
		{7FEBDEBD-9444-44AA-96CE-12777728DF6F}.Release|Any CPU.ActiveCfg = Release|Any CPU
		{7FEBDEBD-9444-44AA-96CE-12777728DF6F}.Release|Any CPU.Build.0 = Release|Any CPU
		{6EC19883-61FA-43BF-AD95-99855A101A66}.Debug|Any CPU.ActiveCfg = Debug|Any CPU
		{6EC19883-61FA-43BF-AD95-99855A101A66}.Debug|Any CPU.Build.0 = Debug|Any CPU
		{6EC19883-61FA-43BF-AD95-99855A101A66}.Release|Any CPU.ActiveCfg = Release|Any CPU
		{6EC19883-61FA-43BF-AD95-99855A101A66}.Release|Any CPU.Build.0 = Release|Any CPU
	EndGlobalSection
	GlobalSection(SolutionProperties) = preSolution
		HideSolutionNode = FALSE
	EndGlobalSection
	GlobalSection(ExtensibilityGlobals) = postSolution
		SolutionGuid = {C5868C21-58BD-4982-9BD2-94F2138A1A9B}
	EndGlobalSection
EndGlobal
