
Microsoft Visual Studio Solution File, Format Version 12.00
# Visual Studio Version 16
VisualStudioVersion = 16.0.31129.286
MinimumVisualStudioVersion = 10.0.40219.1
Project("{FAE04EC0-301F-11D3-BF4B-00C04F79EFBC}") = "Ejercicio_50", "Ejercicio_50\Ejercicio_50.csproj", "{6BC363BB-F638-49BA-83DB-04822DD5BD05}"
EndProject
Project("{FAE04EC0-301F-11D3-BF4B-00C04F79EFBC}") = "Models", "Models\Models.csproj", "{E4814C8B-CBCD-4FB2-9C87-CE5167AC97A6}"
EndProject
Global
	GlobalSection(SolutionConfigurationPlatforms) = preSolution
		Debug|Any CPU = Debug|Any CPU
		Release|Any CPU = Release|Any CPU
	EndGlobalSection
	GlobalSection(ProjectConfigurationPlatforms) = postSolution
		{6BC363BB-F638-49BA-83DB-04822DD5BD05}.Debug|Any CPU.ActiveCfg = Debug|Any CPU
		{6BC363BB-F638-49BA-83DB-04822DD5BD05}.Debug|Any CPU.Build.0 = Debug|Any CPU
		{6BC363BB-F638-49BA-83DB-04822DD5BD05}.Release|Any CPU.ActiveCfg = Release|Any CPU
		{6BC363BB-F638-49BA-83DB-04822DD5BD05}.Release|Any CPU.Build.0 = Release|Any CPU
		{E4814C8B-CBCD-4FB2-9C87-CE5167AC97A6}.Debug|Any CPU.ActiveCfg = Debug|Any CPU
		{E4814C8B-CBCD-4FB2-9C87-CE5167AC97A6}.Debug|Any CPU.Build.0 = Debug|Any CPU
		{E4814C8B-CBCD-4FB2-9C87-CE5167AC97A6}.Release|Any CPU.ActiveCfg = Release|Any CPU
		{E4814C8B-CBCD-4FB2-9C87-CE5167AC97A6}.Release|Any CPU.Build.0 = Release|Any CPU
	EndGlobalSection
	GlobalSection(SolutionProperties) = preSolution
		HideSolutionNode = FALSE
	EndGlobalSection
	GlobalSection(ExtensibilityGlobals) = postSolution
		SolutionGuid = {A8096BA2-021E-44AE-BB84-06BDA3907DC9}
	EndGlobalSection
EndGlobal
