
Microsoft Visual Studio Solution File, Format Version 12.00
# Visual Studio Version 16
VisualStudioVersion = 16.0.31129.286
MinimumVisualStudioVersion = 10.0.40219.1
Project("{FAE04EC0-301F-11D3-BF4B-00C04F79EFBC}") = "Ejercicio_37", "Ejercicio_37\Ejercicio_37.csproj", "{05F1C06B-F498-4085-BAAB-10C7F4BF573C}"
EndProject
Project("{FAE04EC0-301F-11D3-BF4B-00C04F79EFBC}") = "CentralitaHerencia", "CentralitaHerencia\CentralitaHerencia.csproj", "{542B8455-D645-4EC7-AB0B-AD82292BEBFE}"
EndProject
Global
	GlobalSection(SolutionConfigurationPlatforms) = preSolution
		Debug|Any CPU = Debug|Any CPU
		Release|Any CPU = Release|Any CPU
	EndGlobalSection
	GlobalSection(ProjectConfigurationPlatforms) = postSolution
		{05F1C06B-F498-4085-BAAB-10C7F4BF573C}.Debug|Any CPU.ActiveCfg = Debug|Any CPU
		{05F1C06B-F498-4085-BAAB-10C7F4BF573C}.Debug|Any CPU.Build.0 = Debug|Any CPU
		{05F1C06B-F498-4085-BAAB-10C7F4BF573C}.Release|Any CPU.ActiveCfg = Release|Any CPU
		{05F1C06B-F498-4085-BAAB-10C7F4BF573C}.Release|Any CPU.Build.0 = Release|Any CPU
		{542B8455-D645-4EC7-AB0B-AD82292BEBFE}.Debug|Any CPU.ActiveCfg = Debug|Any CPU
		{542B8455-D645-4EC7-AB0B-AD82292BEBFE}.Debug|Any CPU.Build.0 = Debug|Any CPU
		{542B8455-D645-4EC7-AB0B-AD82292BEBFE}.Release|Any CPU.ActiveCfg = Release|Any CPU
		{542B8455-D645-4EC7-AB0B-AD82292BEBFE}.Release|Any CPU.Build.0 = Release|Any CPU
	EndGlobalSection
	GlobalSection(SolutionProperties) = preSolution
		HideSolutionNode = FALSE
	EndGlobalSection
	GlobalSection(ExtensibilityGlobals) = postSolution
		SolutionGuid = {136B5627-2A98-4C1F-A517-EED04CA0941F}
	EndGlobalSection
EndGlobal
