
Microsoft Visual Studio Solution File, Format Version 12.00
# Visual Studio Version 16
VisualStudioVersion = 16.0.31129.286
MinimumVisualStudioVersion = 10.0.40219.1
Project("{FAE04EC0-301F-11D3-BF4B-00C04F79EFBC}") = "Ejercicio_34", "Ejercicio_34\Ejercicio_34.csproj", "{54969AF9-8AD2-4CF7-BB5E-C250CD4610E7}"
EndProject
Project("{FAE04EC0-301F-11D3-BF4B-00C04F79EFBC}") = "Library", "Library\Library.csproj", "{BCA58474-083A-4274-A1F8-6713E72D5A9B}"
EndProject
Global
	GlobalSection(SolutionConfigurationPlatforms) = preSolution
		Debug|Any CPU = Debug|Any CPU
		Release|Any CPU = Release|Any CPU
	EndGlobalSection
	GlobalSection(ProjectConfigurationPlatforms) = postSolution
		{54969AF9-8AD2-4CF7-BB5E-C250CD4610E7}.Debug|Any CPU.ActiveCfg = Debug|Any CPU
		{54969AF9-8AD2-4CF7-BB5E-C250CD4610E7}.Debug|Any CPU.Build.0 = Debug|Any CPU
		{54969AF9-8AD2-4CF7-BB5E-C250CD4610E7}.Release|Any CPU.ActiveCfg = Release|Any CPU
		{54969AF9-8AD2-4CF7-BB5E-C250CD4610E7}.Release|Any CPU.Build.0 = Release|Any CPU
		{BCA58474-083A-4274-A1F8-6713E72D5A9B}.Debug|Any CPU.ActiveCfg = Debug|Any CPU
		{BCA58474-083A-4274-A1F8-6713E72D5A9B}.Debug|Any CPU.Build.0 = Debug|Any CPU
		{BCA58474-083A-4274-A1F8-6713E72D5A9B}.Release|Any CPU.ActiveCfg = Release|Any CPU
		{BCA58474-083A-4274-A1F8-6713E72D5A9B}.Release|Any CPU.Build.0 = Release|Any CPU
	EndGlobalSection
	GlobalSection(SolutionProperties) = preSolution
		HideSolutionNode = FALSE
	EndGlobalSection
	GlobalSection(ExtensibilityGlobals) = postSolution
		SolutionGuid = {68574B6F-75D0-40F5-A6F8-246EC043F6BF}
	EndGlobalSection
EndGlobal
