
Microsoft Visual Studio Solution File, Format Version 12.00
# Visual Studio Version 16
VisualStudioVersion = 16.0.31105.61
MinimumVisualStudioVersion = 10.0.40219.1
Project("{FAE04EC0-301F-11D3-BF4B-00C04F79EFBC}") = "Ejercicio_11", "Ejercicio_11.csproj", "{66E45DEC-9778-49C5-9B36-E7887604FAFB}"
EndProject
Global
	GlobalSection(SolutionConfigurationPlatforms) = preSolution
		Debug|Any CPU = Debug|Any CPU
		Release|Any CPU = Release|Any CPU
	EndGlobalSection
	GlobalSection(ProjectConfigurationPlatforms) = postSolution
		{66E45DEC-9778-49C5-9B36-E7887604FAFB}.Debug|Any CPU.ActiveCfg = Debug|Any CPU
		{66E45DEC-9778-49C5-9B36-E7887604FAFB}.Debug|Any CPU.Build.0 = Debug|Any CPU
		{66E45DEC-9778-49C5-9B36-E7887604FAFB}.Release|Any CPU.ActiveCfg = Release|Any CPU
		{66E45DEC-9778-49C5-9B36-E7887604FAFB}.Release|Any CPU.Build.0 = Release|Any CPU
	EndGlobalSection
	GlobalSection(SolutionProperties) = preSolution
		HideSolutionNode = FALSE
	EndGlobalSection
	GlobalSection(ExtensibilityGlobals) = postSolution
		SolutionGuid = {00255865-1760-4953-9E75-BA7DE951C6D5}
	EndGlobalSection
EndGlobal
