
Microsoft Visual Studio Solution File, Format Version 12.00
# Visual Studio Version 16
VisualStudioVersion = 16.0.31112.23
MinimumVisualStudioVersion = 10.0.40219.1
Project("{FAE04EC0-301F-11D3-BF4B-00C04F79EFBC}") = "Ejercicio_23", "Ejercicio_23\Ejercicio_23.csproj", "{8BF30659-B092-4946-8654-41C2A6A37B6E}"
EndProject
Project("{FAE04EC0-301F-11D3-BF4B-00C04F79EFBC}") = "Moneda", "Moneda\Moneda.csproj", "{8F6DE025-12B2-4A41-B092-CFC4E7B77AAE}"
EndProject
Global
	GlobalSection(SolutionConfigurationPlatforms) = preSolution
		Debug|Any CPU = Debug|Any CPU
		Release|Any CPU = Release|Any CPU
	EndGlobalSection
	GlobalSection(ProjectConfigurationPlatforms) = postSolution
		{8BF30659-B092-4946-8654-41C2A6A37B6E}.Debug|Any CPU.ActiveCfg = Debug|Any CPU
		{8BF30659-B092-4946-8654-41C2A6A37B6E}.Debug|Any CPU.Build.0 = Debug|Any CPU
		{8BF30659-B092-4946-8654-41C2A6A37B6E}.Release|Any CPU.ActiveCfg = Release|Any CPU
		{8BF30659-B092-4946-8654-41C2A6A37B6E}.Release|Any CPU.Build.0 = Release|Any CPU
		{8F6DE025-12B2-4A41-B092-CFC4E7B77AAE}.Debug|Any CPU.ActiveCfg = Debug|Any CPU
		{8F6DE025-12B2-4A41-B092-CFC4E7B77AAE}.Debug|Any CPU.Build.0 = Debug|Any CPU
		{8F6DE025-12B2-4A41-B092-CFC4E7B77AAE}.Release|Any CPU.ActiveCfg = Release|Any CPU
		{8F6DE025-12B2-4A41-B092-CFC4E7B77AAE}.Release|Any CPU.Build.0 = Release|Any CPU
	EndGlobalSection
	GlobalSection(SolutionProperties) = preSolution
		HideSolutionNode = FALSE
	EndGlobalSection
	GlobalSection(ExtensibilityGlobals) = postSolution
		SolutionGuid = {59BB5067-BB7A-4515-A7D9-187F5A29D698}
	EndGlobalSection
EndGlobal
