
Microsoft Visual Studio Solution File, Format Version 12.00
# Visual Studio Version 16
VisualStudioVersion = 16.0.31129.286
MinimumVisualStudioVersion = 10.0.40219.1
Project("{FAE04EC0-301F-11D3-BF4B-00C04F79EFBC}") = "Ejercicio_31", "Ejercicio_31\Ejercicio_31.csproj", "{1BB1C886-8F3A-4368-939F-2284C0DCD0BA}"
EndProject
Project("{FAE04EC0-301F-11D3-BF4B-00C04F79EFBC}") = "Clases", "Clases\Clases.csproj", "{97731BC4-9BE6-42B7-A4CD-334335C98D11}"
EndProject
Global
	GlobalSection(SolutionConfigurationPlatforms) = preSolution
		Debug|Any CPU = Debug|Any CPU
		Release|Any CPU = Release|Any CPU
	EndGlobalSection
	GlobalSection(ProjectConfigurationPlatforms) = postSolution
		{1BB1C886-8F3A-4368-939F-2284C0DCD0BA}.Debug|Any CPU.ActiveCfg = Debug|Any CPU
		{1BB1C886-8F3A-4368-939F-2284C0DCD0BA}.Debug|Any CPU.Build.0 = Debug|Any CPU
		{1BB1C886-8F3A-4368-939F-2284C0DCD0BA}.Release|Any CPU.ActiveCfg = Release|Any CPU
		{1BB1C886-8F3A-4368-939F-2284C0DCD0BA}.Release|Any CPU.Build.0 = Release|Any CPU
		{97731BC4-9BE6-42B7-A4CD-334335C98D11}.Debug|Any CPU.ActiveCfg = Debug|Any CPU
		{97731BC4-9BE6-42B7-A4CD-334335C98D11}.Debug|Any CPU.Build.0 = Debug|Any CPU
		{97731BC4-9BE6-42B7-A4CD-334335C98D11}.Release|Any CPU.ActiveCfg = Release|Any CPU
		{97731BC4-9BE6-42B7-A4CD-334335C98D11}.Release|Any CPU.Build.0 = Release|Any CPU
	EndGlobalSection
	GlobalSection(SolutionProperties) = preSolution
		HideSolutionNode = FALSE
	EndGlobalSection
	GlobalSection(ExtensibilityGlobals) = postSolution
		SolutionGuid = {1ED05CA0-A9E2-4219-AF0D-A83903C42F14}
	EndGlobalSection
EndGlobal
