
Microsoft Visual Studio Solution File, Format Version 12.00
# Visual Studio Version 16
VisualStudioVersion = 16.0.31112.23
MinimumVisualStudioVersion = 10.0.40219.1
Project("{FAE04EC0-301F-11D3-BF4B-00C04F79EFBC}") = "Ejercicio_10", "Ejercicio_10\Ejercicio_10.csproj", "{A1EF0A2E-7452-42F8-985A-57393E26663E}"
EndProject
Global
	GlobalSection(SolutionConfigurationPlatforms) = preSolution
		Debug|Any CPU = Debug|Any CPU
		Release|Any CPU = Release|Any CPU
	EndGlobalSection
	GlobalSection(ProjectConfigurationPlatforms) = postSolution
		{A1EF0A2E-7452-42F8-985A-57393E26663E}.Debug|Any CPU.ActiveCfg = Debug|Any CPU
		{A1EF0A2E-7452-42F8-985A-57393E26663E}.Debug|Any CPU.Build.0 = Debug|Any CPU
		{A1EF0A2E-7452-42F8-985A-57393E26663E}.Release|Any CPU.ActiveCfg = Release|Any CPU
		{A1EF0A2E-7452-42F8-985A-57393E26663E}.Release|Any CPU.Build.0 = Release|Any CPU
	EndGlobalSection
	GlobalSection(SolutionProperties) = preSolution
		HideSolutionNode = FALSE
	EndGlobalSection
	GlobalSection(ExtensibilityGlobals) = postSolution
		SolutionGuid = {CE8CC953-2742-4D64-9416-337D008550CA}
	EndGlobalSection
EndGlobal
