
Microsoft Visual Studio Solution File, Format Version 12.00
# Visual Studio Version 16
VisualStudioVersion = 16.0.31112.23
MinimumVisualStudioVersion = 10.0.40219.1
Project("{FAE04EC0-301F-11D3-BF4B-00C04F79EFBC}") = "Ejercicio_16", "Ejercicio_16\Ejercicio_16.csproj", "{94652AD6-4309-4295-AA76-B2AFB663F28C}"
EndProject
Project("{FAE04EC0-301F-11D3-BF4B-00C04F79EFBC}") = "Alumno", "ClassLibrary1\Alumno.csproj", "{D34B3E2E-CCF3-4C94-93D2-0EE987E1CF15}"
EndProject
Global
	GlobalSection(SolutionConfigurationPlatforms) = preSolution
		Debug|Any CPU = Debug|Any CPU
		Release|Any CPU = Release|Any CPU
	EndGlobalSection
	GlobalSection(ProjectConfigurationPlatforms) = postSolution
		{94652AD6-4309-4295-AA76-B2AFB663F28C}.Debug|Any CPU.ActiveCfg = Debug|Any CPU
		{94652AD6-4309-4295-AA76-B2AFB663F28C}.Debug|Any CPU.Build.0 = Debug|Any CPU
		{94652AD6-4309-4295-AA76-B2AFB663F28C}.Release|Any CPU.ActiveCfg = Release|Any CPU
		{94652AD6-4309-4295-AA76-B2AFB663F28C}.Release|Any CPU.Build.0 = Release|Any CPU
		{D34B3E2E-CCF3-4C94-93D2-0EE987E1CF15}.Debug|Any CPU.ActiveCfg = Debug|Any CPU
		{D34B3E2E-CCF3-4C94-93D2-0EE987E1CF15}.Debug|Any CPU.Build.0 = Debug|Any CPU
		{D34B3E2E-CCF3-4C94-93D2-0EE987E1CF15}.Release|Any CPU.ActiveCfg = Release|Any CPU
		{D34B3E2E-CCF3-4C94-93D2-0EE987E1CF15}.Release|Any CPU.Build.0 = Release|Any CPU
	EndGlobalSection
	GlobalSection(SolutionProperties) = preSolution
		HideSolutionNode = FALSE
	EndGlobalSection
	GlobalSection(ExtensibilityGlobals) = postSolution
		SolutionGuid = {13F6EE90-3761-4BF6-9CEE-EDA59F858E6D}
	EndGlobalSection
EndGlobal
