
Microsoft Visual Studio Solution File, Format Version 12.00
# Visual Studio Version 16
VisualStudioVersion = 16.0.31112.23
MinimumVisualStudioVersion = 10.0.40219.1
Project("{FAE04EC0-301F-11D3-BF4B-00C04F79EFBC}") = "Ejercicio_02", "Ejercicio_02\Ejercicio_02.csproj", "{7DFC6181-4955-4E0F-8F60-D43D7E432129}"
EndProject
Project("{FAE04EC0-301F-11D3-BF4B-00C04F79EFBC}") = "AuxiliarLibrary", "AuxiliarLibrary\AuxiliarLibrary.csproj", "{29505A59-242A-4BD7-B059-D09C63F87957}"
EndProject
Global
	GlobalSection(SolutionConfigurationPlatforms) = preSolution
		Debug|Any CPU = Debug|Any CPU
		Release|Any CPU = Release|Any CPU
	EndGlobalSection
	GlobalSection(ProjectConfigurationPlatforms) = postSolution
		{7DFC6181-4955-4E0F-8F60-D43D7E432129}.Debug|Any CPU.ActiveCfg = Debug|Any CPU
		{7DFC6181-4955-4E0F-8F60-D43D7E432129}.Debug|Any CPU.Build.0 = Debug|Any CPU
		{7DFC6181-4955-4E0F-8F60-D43D7E432129}.Release|Any CPU.ActiveCfg = Release|Any CPU
		{7DFC6181-4955-4E0F-8F60-D43D7E432129}.Release|Any CPU.Build.0 = Release|Any CPU
		{29505A59-242A-4BD7-B059-D09C63F87957}.Debug|Any CPU.ActiveCfg = Debug|Any CPU
		{29505A59-242A-4BD7-B059-D09C63F87957}.Debug|Any CPU.Build.0 = Debug|Any CPU
		{29505A59-242A-4BD7-B059-D09C63F87957}.Release|Any CPU.ActiveCfg = Release|Any CPU
		{29505A59-242A-4BD7-B059-D09C63F87957}.Release|Any CPU.Build.0 = Release|Any CPU
	EndGlobalSection
	GlobalSection(SolutionProperties) = preSolution
		HideSolutionNode = FALSE
	EndGlobalSection
	GlobalSection(ExtensibilityGlobals) = postSolution
		SolutionGuid = {743BBCE6-9974-4347-B28C-D38DDE770AD3}
	EndGlobalSection
EndGlobal
