
Microsoft Visual Studio Solution File, Format Version 12.00
# Visual Studio Version 16
VisualStudioVersion = 16.0.31129.286
MinimumVisualStudioVersion = 10.0.40219.1
Project("{FAE04EC0-301F-11D3-BF4B-00C04F79EFBC}") = "Ejercicio_52", "Ejercicio_52\Ejercicio_52.csproj", "{189E13DD-A0DC-4059-A8B4-43E80051E594}"
EndProject
Project("{FAE04EC0-301F-11D3-BF4B-00C04F79EFBC}") = "Models", "Models\Models.csproj", "{F3D35BFF-5F2C-4CC7-B3CC-73F0CEC3FC32}"
EndProject
Global
	GlobalSection(SolutionConfigurationPlatforms) = preSolution
		Debug|Any CPU = Debug|Any CPU
		Release|Any CPU = Release|Any CPU
	EndGlobalSection
	GlobalSection(ProjectConfigurationPlatforms) = postSolution
		{189E13DD-A0DC-4059-A8B4-43E80051E594}.Debug|Any CPU.ActiveCfg = Debug|Any CPU
		{189E13DD-A0DC-4059-A8B4-43E80051E594}.Debug|Any CPU.Build.0 = Debug|Any CPU
		{189E13DD-A0DC-4059-A8B4-43E80051E594}.Release|Any CPU.ActiveCfg = Release|Any CPU
		{189E13DD-A0DC-4059-A8B4-43E80051E594}.Release|Any CPU.Build.0 = Release|Any CPU
		{F3D35BFF-5F2C-4CC7-B3CC-73F0CEC3FC32}.Debug|Any CPU.ActiveCfg = Debug|Any CPU
		{F3D35BFF-5F2C-4CC7-B3CC-73F0CEC3FC32}.Debug|Any CPU.Build.0 = Debug|Any CPU
		{F3D35BFF-5F2C-4CC7-B3CC-73F0CEC3FC32}.Release|Any CPU.ActiveCfg = Release|Any CPU
		{F3D35BFF-5F2C-4CC7-B3CC-73F0CEC3FC32}.Release|Any CPU.Build.0 = Release|Any CPU
	EndGlobalSection
	GlobalSection(SolutionProperties) = preSolution
		HideSolutionNode = FALSE
	EndGlobalSection
	GlobalSection(ExtensibilityGlobals) = postSolution
		SolutionGuid = {8897CF81-437C-45CE-8CDC-62DC39B6F32A}
	EndGlobalSection
EndGlobal
