
Microsoft Visual Studio Solution File, Format Version 12.00
# Visual Studio Version 16
VisualStudioVersion = 16.0.31112.23
MinimumVisualStudioVersion = 10.0.40219.1
Project("{FAE04EC0-301F-11D3-BF4B-00C04F79EFBC}") = "Ejercicio_13", "Ejercicio_13\Ejercicio_13.csproj", "{1D6E8637-090E-4BDA-8C9B-2F1441C38809}"
EndProject
Project("{FAE04EC0-301F-11D3-BF4B-00C04F79EFBC}") = "Conversor", "Conversor\Conversor.csproj", "{FA92EAC8-81A8-4B4D-912D-9604E5310FB2}"
EndProject
Global
	GlobalSection(SolutionConfigurationPlatforms) = preSolution
		Debug|Any CPU = Debug|Any CPU
		Release|Any CPU = Release|Any CPU
	EndGlobalSection
	GlobalSection(ProjectConfigurationPlatforms) = postSolution
		{1D6E8637-090E-4BDA-8C9B-2F1441C38809}.Debug|Any CPU.ActiveCfg = Debug|Any CPU
		{1D6E8637-090E-4BDA-8C9B-2F1441C38809}.Debug|Any CPU.Build.0 = Debug|Any CPU
		{1D6E8637-090E-4BDA-8C9B-2F1441C38809}.Release|Any CPU.ActiveCfg = Release|Any CPU
		{1D6E8637-090E-4BDA-8C9B-2F1441C38809}.Release|Any CPU.Build.0 = Release|Any CPU
		{FA92EAC8-81A8-4B4D-912D-9604E5310FB2}.Debug|Any CPU.ActiveCfg = Debug|Any CPU
		{FA92EAC8-81A8-4B4D-912D-9604E5310FB2}.Debug|Any CPU.Build.0 = Debug|Any CPU
		{FA92EAC8-81A8-4B4D-912D-9604E5310FB2}.Release|Any CPU.ActiveCfg = Release|Any CPU
		{FA92EAC8-81A8-4B4D-912D-9604E5310FB2}.Release|Any CPU.Build.0 = Release|Any CPU
	EndGlobalSection
	GlobalSection(SolutionProperties) = preSolution
		HideSolutionNode = FALSE
	EndGlobalSection
	GlobalSection(ExtensibilityGlobals) = postSolution
		SolutionGuid = {02CF65F4-62DD-4661-A7F3-5792A80EFD6C}
	EndGlobalSection
EndGlobal
