
Microsoft Visual Studio Solution File, Format Version 12.00
# Visual Studio Version 16
VisualStudioVersion = 16.0.31112.23
MinimumVisualStudioVersion = 10.0.40219.1
Project("{FAE04EC0-301F-11D3-BF4B-00C04F79EFBC}") = "Ejercicio_12", "Ejercicio_12\Ejercicio_12.csproj", "{673D7572-99A2-4B23-858D-34551DAE7A9B}"
EndProject
Project("{FAE04EC0-301F-11D3-BF4B-00C04F79EFBC}") = "ValidarRespuesta", "ValidarRespuesta\ValidarRespuesta.csproj", "{AFF2E3B4-0930-468C-943A-AE99742804F0}"
EndProject
Global
	GlobalSection(SolutionConfigurationPlatforms) = preSolution
		Debug|Any CPU = Debug|Any CPU
		Release|Any CPU = Release|Any CPU
	EndGlobalSection
	GlobalSection(ProjectConfigurationPlatforms) = postSolution
		{673D7572-99A2-4B23-858D-34551DAE7A9B}.Debug|Any CPU.ActiveCfg = Debug|Any CPU
		{673D7572-99A2-4B23-858D-34551DAE7A9B}.Debug|Any CPU.Build.0 = Debug|Any CPU
		{673D7572-99A2-4B23-858D-34551DAE7A9B}.Release|Any CPU.ActiveCfg = Release|Any CPU
		{673D7572-99A2-4B23-858D-34551DAE7A9B}.Release|Any CPU.Build.0 = Release|Any CPU
		{AFF2E3B4-0930-468C-943A-AE99742804F0}.Debug|Any CPU.ActiveCfg = Debug|Any CPU
		{AFF2E3B4-0930-468C-943A-AE99742804F0}.Debug|Any CPU.Build.0 = Debug|Any CPU
		{AFF2E3B4-0930-468C-943A-AE99742804F0}.Release|Any CPU.ActiveCfg = Release|Any CPU
		{AFF2E3B4-0930-468C-943A-AE99742804F0}.Release|Any CPU.Build.0 = Release|Any CPU
	EndGlobalSection
	GlobalSection(SolutionProperties) = preSolution
		HideSolutionNode = FALSE
	EndGlobalSection
	GlobalSection(ExtensibilityGlobals) = postSolution
		SolutionGuid = {AB1124B3-FD08-4947-830F-6B221BE9CD86}
	EndGlobalSection
EndGlobal
