
Microsoft Visual Studio Solution File, Format Version 12.00
# Visual Studio Version 16
VisualStudioVersion = 16.0.31129.286
MinimumVisualStudioVersion = 10.0.40219.1
Project("{FAE04EC0-301F-11D3-BF4B-00C04F79EFBC}") = "ControlesUsuario", "ControlesUsuario\ControlesUsuario.csproj", "{52D0DE5B-ABFB-404A-B815-0493B4970F57}"
EndProject
Project("{FAE04EC0-301F-11D3-BF4B-00C04F79EFBC}") = "Entidades", "Entidades\Entidades.csproj", "{37FD51AF-170B-4C04-8052-72B8CE5E3997}"
EndProject
Project("{FAE04EC0-301F-11D3-BF4B-00C04F79EFBC}") = "frmCantinaa", "frmCantinaa\frmCantinaa.csproj", "{BACB0B72-92DC-48EC-985C-D6DC44D6DCFB}"
EndProject
Global
	GlobalSection(SolutionConfigurationPlatforms) = preSolution
		Debug|Any CPU = Debug|Any CPU
		Release|Any CPU = Release|Any CPU
	EndGlobalSection
	GlobalSection(ProjectConfigurationPlatforms) = postSolution
		{52D0DE5B-ABFB-404A-B815-0493B4970F57}.Debug|Any CPU.ActiveCfg = Debug|Any CPU
		{52D0DE5B-ABFB-404A-B815-0493B4970F57}.Debug|Any CPU.Build.0 = Debug|Any CPU
		{52D0DE5B-ABFB-404A-B815-0493B4970F57}.Release|Any CPU.ActiveCfg = Release|Any CPU
		{52D0DE5B-ABFB-404A-B815-0493B4970F57}.Release|Any CPU.Build.0 = Release|Any CPU
		{37FD51AF-170B-4C04-8052-72B8CE5E3997}.Debug|Any CPU.ActiveCfg = Debug|Any CPU
		{37FD51AF-170B-4C04-8052-72B8CE5E3997}.Debug|Any CPU.Build.0 = Debug|Any CPU
		{37FD51AF-170B-4C04-8052-72B8CE5E3997}.Release|Any CPU.ActiveCfg = Release|Any CPU
		{37FD51AF-170B-4C04-8052-72B8CE5E3997}.Release|Any CPU.Build.0 = Release|Any CPU
		{BACB0B72-92DC-48EC-985C-D6DC44D6DCFB}.Debug|Any CPU.ActiveCfg = Debug|Any CPU
		{BACB0B72-92DC-48EC-985C-D6DC44D6DCFB}.Debug|Any CPU.Build.0 = Debug|Any CPU
		{BACB0B72-92DC-48EC-985C-D6DC44D6DCFB}.Release|Any CPU.ActiveCfg = Release|Any CPU
		{BACB0B72-92DC-48EC-985C-D6DC44D6DCFB}.Release|Any CPU.Build.0 = Release|Any CPU
	EndGlobalSection
	GlobalSection(SolutionProperties) = preSolution
		HideSolutionNode = FALSE
	EndGlobalSection
	GlobalSection(ExtensibilityGlobals) = postSolution
		SolutionGuid = {D854A4E4-4A70-41CE-989B-E802380E556F}
	EndGlobalSection
EndGlobal
