
Microsoft Visual Studio Solution File, Format Version 12.00
# Visual Studio Version 16
VisualStudioVersion = 16.0.31402.337
MinimumVisualStudioVersion = 10.0.40219.1
Project("{FAE04EC0-301F-11D3-BF4B-00C04F79EFBC}") = "Comercio.GUI", "Comercio.GUI\Comercio.GUI.csproj", "{0E27D54E-62BE-4D6E-A993-56665541DCA2}"
EndProject
Project("{FAE04EC0-301F-11D3-BF4B-00C04F79EFBC}") = "Comercio.Entidades", "Comercio.Entidades\Comercio.Entidades.csproj", "{E2A52E70-6BAB-41A5-B3AF-7851EDC48C77}"
EndProject
Project("{FAE04EC0-301F-11D3-BF4B-00C04F79EFBC}") = "Comercio.Tests", "Comercio.Tests\Comercio.Tests.csproj", "{FF59E620-B284-44FC-BC5E-734E10E8CA1C}"
EndProject
Global
	GlobalSection(SolutionConfigurationPlatforms) = preSolution
		Debug|Any CPU = Debug|Any CPU
		Release|Any CPU = Release|Any CPU
	EndGlobalSection
	GlobalSection(ProjectConfigurationPlatforms) = postSolution
		{0E27D54E-62BE-4D6E-A993-56665541DCA2}.Debug|Any CPU.ActiveCfg = Debug|Any CPU
		{0E27D54E-62BE-4D6E-A993-56665541DCA2}.Debug|Any CPU.Build.0 = Debug|Any CPU
		{0E27D54E-62BE-4D6E-A993-56665541DCA2}.Release|Any CPU.ActiveCfg = Release|Any CPU
		{0E27D54E-62BE-4D6E-A993-56665541DCA2}.Release|Any CPU.Build.0 = Release|Any CPU
		{E2A52E70-6BAB-41A5-B3AF-7851EDC48C77}.Debug|Any CPU.ActiveCfg = Debug|Any CPU
		{E2A52E70-6BAB-41A5-B3AF-7851EDC48C77}.Debug|Any CPU.Build.0 = Debug|Any CPU
		{E2A52E70-6BAB-41A5-B3AF-7851EDC48C77}.Release|Any CPU.ActiveCfg = Release|Any CPU
		{E2A52E70-6BAB-41A5-B3AF-7851EDC48C77}.Release|Any CPU.Build.0 = Release|Any CPU
		{FF59E620-B284-44FC-BC5E-734E10E8CA1C}.Debug|Any CPU.ActiveCfg = Debug|Any CPU
		{FF59E620-B284-44FC-BC5E-734E10E8CA1C}.Debug|Any CPU.Build.0 = Debug|Any CPU
		{FF59E620-B284-44FC-BC5E-734E10E8CA1C}.Release|Any CPU.ActiveCfg = Release|Any CPU
		{FF59E620-B284-44FC-BC5E-734E10E8CA1C}.Release|Any CPU.Build.0 = Release|Any CPU
	EndGlobalSection
	GlobalSection(SolutionProperties) = preSolution
		HideSolutionNode = FALSE
	EndGlobalSection
	GlobalSection(ExtensibilityGlobals) = postSolution
		SolutionGuid = {CEBE94EA-BFDA-4EBD-80E0-45536ADD9A4E}
	EndGlobalSection
EndGlobal
