
Microsoft Visual Studio Solution File, Format Version 12.00
# Visual Studio Version 16
VisualStudioVersion = 16.0.31129.286
MinimumVisualStudioVersion = 10.0.40219.1
Project("{FAE04EC0-301F-11D3-BF4B-00C04F79EFBC}") = "Ejercicio_35", "Ejercicio_35\Ejercicio_35.csproj", "{855BB550-F420-4DC2-ABFB-BB450451EB25}"
EndProject
Project("{FAE04EC0-301F-11D3-BF4B-00C04F79EFBC}") = "Models", "Models\Models.csproj", "{F0E04DBA-9DF3-42E7-96B9-5A1E4F49BBB9}"
EndProject
Global
	GlobalSection(SolutionConfigurationPlatforms) = preSolution
		Debug|Any CPU = Debug|Any CPU
		Release|Any CPU = Release|Any CPU
	EndGlobalSection
	GlobalSection(ProjectConfigurationPlatforms) = postSolution
		{855BB550-F420-4DC2-ABFB-BB450451EB25}.Debug|Any CPU.ActiveCfg = Debug|Any CPU
		{855BB550-F420-4DC2-ABFB-BB450451EB25}.Debug|Any CPU.Build.0 = Debug|Any CPU
		{855BB550-F420-4DC2-ABFB-BB450451EB25}.Release|Any CPU.ActiveCfg = Release|Any CPU
		{855BB550-F420-4DC2-ABFB-BB450451EB25}.Release|Any CPU.Build.0 = Release|Any CPU
		{F0E04DBA-9DF3-42E7-96B9-5A1E4F49BBB9}.Debug|Any CPU.ActiveCfg = Debug|Any CPU
		{F0E04DBA-9DF3-42E7-96B9-5A1E4F49BBB9}.Debug|Any CPU.Build.0 = Debug|Any CPU
		{F0E04DBA-9DF3-42E7-96B9-5A1E4F49BBB9}.Release|Any CPU.ActiveCfg = Release|Any CPU
		{F0E04DBA-9DF3-42E7-96B9-5A1E4F49BBB9}.Release|Any CPU.Build.0 = Release|Any CPU
	EndGlobalSection
	GlobalSection(SolutionProperties) = preSolution
		HideSolutionNode = FALSE
	EndGlobalSection
	GlobalSection(ExtensibilityGlobals) = postSolution
		SolutionGuid = {10102178-A382-4D36-9E82-422F1E00DD1B}
	EndGlobalSection
EndGlobal
