
Microsoft Visual Studio Solution File, Format Version 12.00
# Visual Studio Version 16
VisualStudioVersion = 16.0.31129.286
MinimumVisualStudioVersion = 10.0.40219.1
Project("{FAE04EC0-301F-11D3-BF4B-00C04F79EFBC}") = "[1] ComiqueriaApp", "Comiqueria.GUI\[1] ComiqueriaApp.csproj", "{EE473F46-6A42-4285-ACE9-D77CED9F0B95}"
EndProject
Project("{FAE04EC0-301F-11D3-BF4B-00C04F79EFBC}") = "[2] ComiqueriaLogic", "Comiqueria.Logic\[2] ComiqueriaLogic.csproj", "{B2D94B3A-1DBB-491E-AE2D-9B4695164EF3}"
EndProject
Project("{FAE04EC0-301F-11D3-BF4B-00C04F79EFBC}") = "[3] ComiqueriaTest", "Comiqueria.Test\[3] ComiqueriaTest.csproj", "{CCC90EF1-AB28-4ADB-B5AC-B8BD207E57D2}"
EndProject
Global
	GlobalSection(SolutionConfigurationPlatforms) = preSolution
		Debug|Any CPU = Debug|Any CPU
		Release|Any CPU = Release|Any CPU
	EndGlobalSection
	GlobalSection(ProjectConfigurationPlatforms) = postSolution
		{EE473F46-6A42-4285-ACE9-D77CED9F0B95}.Debug|Any CPU.ActiveCfg = Debug|Any CPU
		{EE473F46-6A42-4285-ACE9-D77CED9F0B95}.Debug|Any CPU.Build.0 = Debug|Any CPU
		{EE473F46-6A42-4285-ACE9-D77CED9F0B95}.Release|Any CPU.ActiveCfg = Release|Any CPU
		{EE473F46-6A42-4285-ACE9-D77CED9F0B95}.Release|Any CPU.Build.0 = Release|Any CPU
		{B2D94B3A-1DBB-491E-AE2D-9B4695164EF3}.Debug|Any CPU.ActiveCfg = Debug|Any CPU
		{B2D94B3A-1DBB-491E-AE2D-9B4695164EF3}.Debug|Any CPU.Build.0 = Debug|Any CPU
		{B2D94B3A-1DBB-491E-AE2D-9B4695164EF3}.Release|Any CPU.ActiveCfg = Release|Any CPU
		{B2D94B3A-1DBB-491E-AE2D-9B4695164EF3}.Release|Any CPU.Build.0 = Release|Any CPU
		{CCC90EF1-AB28-4ADB-B5AC-B8BD207E57D2}.Debug|Any CPU.ActiveCfg = Debug|Any CPU
		{CCC90EF1-AB28-4ADB-B5AC-B8BD207E57D2}.Debug|Any CPU.Build.0 = Debug|Any CPU
		{CCC90EF1-AB28-4ADB-B5AC-B8BD207E57D2}.Release|Any CPU.ActiveCfg = Release|Any CPU
		{CCC90EF1-AB28-4ADB-B5AC-B8BD207E57D2}.Release|Any CPU.Build.0 = Release|Any CPU
	EndGlobalSection
	GlobalSection(SolutionProperties) = preSolution
		HideSolutionNode = FALSE
	EndGlobalSection
	GlobalSection(ExtensibilityGlobals) = postSolution
		SolutionGuid = {B8B707CF-EF5F-42BD-A0E4-1629CF5CE7A5}
	EndGlobalSection
EndGlobal
