
Microsoft Visual Studio Solution File, Format Version 12.00
# Visual Studio Version 16
VisualStudioVersion = 16.0.31129.286
MinimumVisualStudioVersion = 10.0.40219.1
Project("{FAE04EC0-301F-11D3-BF4B-00C04F79EFBC}") = "Ejercicio_61", "Ejercicio_61\Ejercicio_61.csproj", "{7C84BF75-C325-4B22-9CFA-FE225722BBDC}"
EndProject
Project("{FAE04EC0-301F-11D3-BF4B-00C04F79EFBC}") = "Models", "Models\Models.csproj", "{C371DD4F-620D-4C5F-92FA-990101852A29}"
EndProject
Global
	GlobalSection(SolutionConfigurationPlatforms) = preSolution
		Debug|Any CPU = Debug|Any CPU
		Release|Any CPU = Release|Any CPU
	EndGlobalSection
	GlobalSection(ProjectConfigurationPlatforms) = postSolution
		{7C84BF75-C325-4B22-9CFA-FE225722BBDC}.Debug|Any CPU.ActiveCfg = Debug|Any CPU
		{7C84BF75-C325-4B22-9CFA-FE225722BBDC}.Debug|Any CPU.Build.0 = Debug|Any CPU
		{7C84BF75-C325-4B22-9CFA-FE225722BBDC}.Release|Any CPU.ActiveCfg = Release|Any CPU
		{7C84BF75-C325-4B22-9CFA-FE225722BBDC}.Release|Any CPU.Build.0 = Release|Any CPU
		{C371DD4F-620D-4C5F-92FA-990101852A29}.Debug|Any CPU.ActiveCfg = Debug|Any CPU
		{C371DD4F-620D-4C5F-92FA-990101852A29}.Debug|Any CPU.Build.0 = Debug|Any CPU
		{C371DD4F-620D-4C5F-92FA-990101852A29}.Release|Any CPU.ActiveCfg = Release|Any CPU
		{C371DD4F-620D-4C5F-92FA-990101852A29}.Release|Any CPU.Build.0 = Release|Any CPU
	EndGlobalSection
	GlobalSection(SolutionProperties) = preSolution
		HideSolutionNode = FALSE
	EndGlobalSection
	GlobalSection(ExtensibilityGlobals) = postSolution
		SolutionGuid = {C3756B7E-E2A8-4D35-9C82-7A48768E8A0F}
	EndGlobalSection
EndGlobal
