
Microsoft Visual Studio Solution File, Format Version 12.00
# Visual Studio Version 16
VisualStudioVersion = 16.0.31129.286
MinimumVisualStudioVersion = 10.0.40219.1
Project("{FAE04EC0-301F-11D3-BF4B-00C04F79EFBC}") = "PP_LabII_2017_Mascotas", "PP_LabII_2017_Mascotas\PP_LabII_2017_Mascotas.csproj", "{8225ADBE-0871-4855-A60A-B5ECA80D1813}"
EndProject
Project("{FAE04EC0-301F-11D3-BF4B-00C04F79EFBC}") = "Entidades", "Entidades\Entidades.csproj", "{10BE03B2-18F4-48A5-95E3-900F52F59ACE}"
EndProject
Global
	GlobalSection(SolutionConfigurationPlatforms) = preSolution
		Debug|Any CPU = Debug|Any CPU
		Release|Any CPU = Release|Any CPU
	EndGlobalSection
	GlobalSection(ProjectConfigurationPlatforms) = postSolution
		{8225ADBE-0871-4855-A60A-B5ECA80D1813}.Debug|Any CPU.ActiveCfg = Debug|Any CPU
		{8225ADBE-0871-4855-A60A-B5ECA80D1813}.Debug|Any CPU.Build.0 = Debug|Any CPU
		{8225ADBE-0871-4855-A60A-B5ECA80D1813}.Release|Any CPU.ActiveCfg = Release|Any CPU
		{8225ADBE-0871-4855-A60A-B5ECA80D1813}.Release|Any CPU.Build.0 = Release|Any CPU
		{10BE03B2-18F4-48A5-95E3-900F52F59ACE}.Debug|Any CPU.ActiveCfg = Debug|Any CPU
		{10BE03B2-18F4-48A5-95E3-900F52F59ACE}.Debug|Any CPU.Build.0 = Debug|Any CPU
		{10BE03B2-18F4-48A5-95E3-900F52F59ACE}.Release|Any CPU.ActiveCfg = Release|Any CPU
		{10BE03B2-18F4-48A5-95E3-900F52F59ACE}.Release|Any CPU.Build.0 = Release|Any CPU
	EndGlobalSection
	GlobalSection(SolutionProperties) = preSolution
		HideSolutionNode = FALSE
	EndGlobalSection
	GlobalSection(ExtensibilityGlobals) = postSolution
		SolutionGuid = {8FC1376A-5C4A-43B1-AFCE-1C67A5EDDED2}
	EndGlobalSection
EndGlobal
