
Microsoft Visual Studio Solution File, Format Version 12.00
# Visual Studio Version 16
VisualStudioVersion = 16.0.31129.286
MinimumVisualStudioVersion = 10.0.40219.1
Project("{FAE04EC0-301F-11D3-BF4B-00C04F79EFBC}") = "Ejercicio_25", "Ejercicio_25\Ejercicio_25.csproj", "{10AA519E-91A1-4D21-A29A-C509AA527205}"
EndProject
Project("{FAE04EC0-301F-11D3-BF4B-00C04F79EFBC}") = "Conversor", "Conversor\Conversor.csproj", "{2D212799-691A-4606-9F68-9519292AEA66}"
EndProject
Global
	GlobalSection(SolutionConfigurationPlatforms) = preSolution
		Debug|Any CPU = Debug|Any CPU
		Release|Any CPU = Release|Any CPU
	EndGlobalSection
	GlobalSection(ProjectConfigurationPlatforms) = postSolution
		{10AA519E-91A1-4D21-A29A-C509AA527205}.Debug|Any CPU.ActiveCfg = Debug|Any CPU
		{10AA519E-91A1-4D21-A29A-C509AA527205}.Debug|Any CPU.Build.0 = Debug|Any CPU
		{10AA519E-91A1-4D21-A29A-C509AA527205}.Release|Any CPU.ActiveCfg = Release|Any CPU
		{10AA519E-91A1-4D21-A29A-C509AA527205}.Release|Any CPU.Build.0 = Release|Any CPU
		{2D212799-691A-4606-9F68-9519292AEA66}.Debug|Any CPU.ActiveCfg = Debug|Any CPU
		{2D212799-691A-4606-9F68-9519292AEA66}.Debug|Any CPU.Build.0 = Debug|Any CPU
		{2D212799-691A-4606-9F68-9519292AEA66}.Release|Any CPU.ActiveCfg = Release|Any CPU
		{2D212799-691A-4606-9F68-9519292AEA66}.Release|Any CPU.Build.0 = Release|Any CPU
	EndGlobalSection
	GlobalSection(SolutionProperties) = preSolution
		HideSolutionNode = FALSE
	EndGlobalSection
	GlobalSection(ExtensibilityGlobals) = postSolution
		SolutionGuid = {B3B16B1B-FD45-4284-A2EB-1B29EC31559F}
	EndGlobalSection
EndGlobal
