
Microsoft Visual Studio Solution File, Format Version 12.00
# Visual Studio Version 16
VisualStudioVersion = 16.0.31112.23
MinimumVisualStudioVersion = 10.0.40219.1
Project("{FAE04EC0-301F-11D3-BF4B-00C04F79EFBC}") = "Ejercicio_20", "Ejercicio_20\Ejercicio_20.csproj", "{C9565BA4-EBCC-4E41-8CD9-FA9C70630929}"
EndProject
Project("{FAE04EC0-301F-11D3-BF4B-00C04F79EFBC}") = "Currency", "Currency\Currency.csproj", "{86BDBB2D-3095-4B33-99C3-9AAF9A3F624D}"
EndProject
Global
	GlobalSection(SolutionConfigurationPlatforms) = preSolution
		Debug|Any CPU = Debug|Any CPU
		Release|Any CPU = Release|Any CPU
	EndGlobalSection
	GlobalSection(ProjectConfigurationPlatforms) = postSolution
		{C9565BA4-EBCC-4E41-8CD9-FA9C70630929}.Debug|Any CPU.ActiveCfg = Debug|Any CPU
		{C9565BA4-EBCC-4E41-8CD9-FA9C70630929}.Debug|Any CPU.Build.0 = Debug|Any CPU
		{C9565BA4-EBCC-4E41-8CD9-FA9C70630929}.Release|Any CPU.ActiveCfg = Release|Any CPU
		{C9565BA4-EBCC-4E41-8CD9-FA9C70630929}.Release|Any CPU.Build.0 = Release|Any CPU
		{86BDBB2D-3095-4B33-99C3-9AAF9A3F624D}.Debug|Any CPU.ActiveCfg = Debug|Any CPU
		{86BDBB2D-3095-4B33-99C3-9AAF9A3F624D}.Debug|Any CPU.Build.0 = Debug|Any CPU
		{86BDBB2D-3095-4B33-99C3-9AAF9A3F624D}.Release|Any CPU.ActiveCfg = Release|Any CPU
		{86BDBB2D-3095-4B33-99C3-9AAF9A3F624D}.Release|Any CPU.Build.0 = Release|Any CPU
	EndGlobalSection
	GlobalSection(SolutionProperties) = preSolution
		HideSolutionNode = FALSE
	EndGlobalSection
	GlobalSection(ExtensibilityGlobals) = postSolution
		SolutionGuid = {4FCD9A8D-DBE2-4CE3-BDFF-3CC19645531D}
	EndGlobalSection
EndGlobal
