
Microsoft Visual Studio Solution File, Format Version 12.00
# Visual Studio Version 16
VisualStudioVersion = 16.0.31129.286
MinimumVisualStudioVersion = 10.0.40219.1
Project("{FAE04EC0-301F-11D3-BF4B-00C04F79EFBC}") = "Prueba", "Prueba\Prueba.csproj", "{5128B1B4-689F-4894-BEF3-530BE0D53D76}"
EndProject
Project("{FAE04EC0-301F-11D3-BF4B-00C04F79EFBC}") = "ClassLibrary1", "ClassLibrary1\ClassLibrary1.csproj", "{9D4C8372-4316-480E-9C87-169FCFA0911A}"
EndProject
Global
	GlobalSection(SolutionConfigurationPlatforms) = preSolution
		Debug|Any CPU = Debug|Any CPU
		Release|Any CPU = Release|Any CPU
	EndGlobalSection
	GlobalSection(ProjectConfigurationPlatforms) = postSolution
		{5128B1B4-689F-4894-BEF3-530BE0D53D76}.Debug|Any CPU.ActiveCfg = Debug|Any CPU
		{5128B1B4-689F-4894-BEF3-530BE0D53D76}.Debug|Any CPU.Build.0 = Debug|Any CPU
		{5128B1B4-689F-4894-BEF3-530BE0D53D76}.Release|Any CPU.ActiveCfg = Release|Any CPU
		{5128B1B4-689F-4894-BEF3-530BE0D53D76}.Release|Any CPU.Build.0 = Release|Any CPU
		{9D4C8372-4316-480E-9C87-169FCFA0911A}.Debug|Any CPU.ActiveCfg = Debug|Any CPU
		{9D4C8372-4316-480E-9C87-169FCFA0911A}.Debug|Any CPU.Build.0 = Debug|Any CPU
		{9D4C8372-4316-480E-9C87-169FCFA0911A}.Release|Any CPU.ActiveCfg = Release|Any CPU
		{9D4C8372-4316-480E-9C87-169FCFA0911A}.Release|Any CPU.Build.0 = Release|Any CPU
	EndGlobalSection
	GlobalSection(SolutionProperties) = preSolution
		HideSolutionNode = FALSE
	EndGlobalSection
	GlobalSection(ExtensibilityGlobals) = postSolution
		SolutionGuid = {B1CE6A22-0095-4BFD-B311-05EFD3444F6B}
	EndGlobalSection
EndGlobal
