
Microsoft Visual Studio Solution File, Format Version 12.00
# Visual Studio Version 16
VisualStudioVersion = 16.0.31112.23
MinimumVisualStudioVersion = 10.0.40219.1
Project("{FAE04EC0-301F-11D3-BF4B-00C04F79EFBC}") = "Ejercicio_07", "Ejercicio_07\Ejercicio_07.csproj", "{F4AF0E93-D549-4305-95DA-180742ECF57F}"
EndProject
Project("{FAE04EC0-301F-11D3-BF4B-00C04F79EFBC}") = "AmountOfDaysLived", "AmountOfDaysLived\AmountOfDaysLived.csproj", "{58E5D498-C091-4F9E-8304-C5CB7CE4B706}"
EndProject
Global
	GlobalSection(SolutionConfigurationPlatforms) = preSolution
		Debug|Any CPU = Debug|Any CPU
		Release|Any CPU = Release|Any CPU
	EndGlobalSection
	GlobalSection(ProjectConfigurationPlatforms) = postSolution
		{F4AF0E93-D549-4305-95DA-180742ECF57F}.Debug|Any CPU.ActiveCfg = Debug|Any CPU
		{F4AF0E93-D549-4305-95DA-180742ECF57F}.Debug|Any CPU.Build.0 = Debug|Any CPU
		{F4AF0E93-D549-4305-95DA-180742ECF57F}.Release|Any CPU.ActiveCfg = Release|Any CPU
		{F4AF0E93-D549-4305-95DA-180742ECF57F}.Release|Any CPU.Build.0 = Release|Any CPU
		{58E5D498-C091-4F9E-8304-C5CB7CE4B706}.Debug|Any CPU.ActiveCfg = Debug|Any CPU
		{58E5D498-C091-4F9E-8304-C5CB7CE4B706}.Debug|Any CPU.Build.0 = Debug|Any CPU
		{58E5D498-C091-4F9E-8304-C5CB7CE4B706}.Release|Any CPU.ActiveCfg = Release|Any CPU
		{58E5D498-C091-4F9E-8304-C5CB7CE4B706}.Release|Any CPU.Build.0 = Release|Any CPU
	EndGlobalSection
	GlobalSection(SolutionProperties) = preSolution
		HideSolutionNode = FALSE
	EndGlobalSection
	GlobalSection(ExtensibilityGlobals) = postSolution
		SolutionGuid = {B7AC4BDF-8E94-4768-A9C3-88498E39422D}
	EndGlobalSection
EndGlobal
