
Microsoft Visual Studio Solution File, Format Version 12.00
# Visual Studio Version 16
VisualStudioVersion = 16.0.31129.286
MinimumVisualStudioVersion = 10.0.40219.1
Project("{FAE04EC0-301F-11D3-BF4B-00C04F79EFBC}") = "TP_01_FacundoFalcone", "TP_01_FacundoFalcone\TP_01_FacundoFalcone.csproj", "{6C55763D-0AEF-42F1-9159-DB5E6079334C}"
EndProject
Project("{FAE04EC0-301F-11D3-BF4B-00C04F79EFBC}") = "Entidades", "Entidades\Entidades.csproj", "{EFB5B190-59AF-431F-B0F9-A1C197A6B395}"
EndProject
Global
	GlobalSection(SolutionConfigurationPlatforms) = preSolution
		Debug|Any CPU = Debug|Any CPU
		Release|Any CPU = Release|Any CPU
	EndGlobalSection
	GlobalSection(ProjectConfigurationPlatforms) = postSolution
		{6C55763D-0AEF-42F1-9159-DB5E6079334C}.Debug|Any CPU.ActiveCfg = Debug|Any CPU
		{6C55763D-0AEF-42F1-9159-DB5E6079334C}.Debug|Any CPU.Build.0 = Debug|Any CPU
		{6C55763D-0AEF-42F1-9159-DB5E6079334C}.Release|Any CPU.ActiveCfg = Release|Any CPU
		{6C55763D-0AEF-42F1-9159-DB5E6079334C}.Release|Any CPU.Build.0 = Release|Any CPU
		{EFB5B190-59AF-431F-B0F9-A1C197A6B395}.Debug|Any CPU.ActiveCfg = Debug|Any CPU
		{EFB5B190-59AF-431F-B0F9-A1C197A6B395}.Debug|Any CPU.Build.0 = Debug|Any CPU
		{EFB5B190-59AF-431F-B0F9-A1C197A6B395}.Release|Any CPU.ActiveCfg = Release|Any CPU
		{EFB5B190-59AF-431F-B0F9-A1C197A6B395}.Release|Any CPU.Build.0 = Release|Any CPU
	EndGlobalSection
	GlobalSection(SolutionProperties) = preSolution
		HideSolutionNode = FALSE
	EndGlobalSection
	GlobalSection(ExtensibilityGlobals) = postSolution
		SolutionGuid = {5646B4AC-333B-4867-A834-F494A6BDC221}
	EndGlobalSection
EndGlobal
