
Microsoft Visual Studio Solution File, Format Version 12.00
# Visual Studio Version 16
VisualStudioVersion = 16.0.31129.286
MinimumVisualStudioVersion = 10.0.40219.1
Project("{FAE04EC0-301F-11D3-BF4B-00C04F79EFBC}") = "Ejercicio_28", "Ejercicio_29\Ejercicio_28.csproj", "{0AB158B6-36DA-4B9B-890E-CA6953714F55}"
EndProject
Global
	GlobalSection(SolutionConfigurationPlatforms) = preSolution
		Debug|Any CPU = Debug|Any CPU
		Release|Any CPU = Release|Any CPU
	EndGlobalSection
	GlobalSection(ProjectConfigurationPlatforms) = postSolution
		{0AB158B6-36DA-4B9B-890E-CA6953714F55}.Debug|Any CPU.ActiveCfg = Debug|Any CPU
		{0AB158B6-36DA-4B9B-890E-CA6953714F55}.Debug|Any CPU.Build.0 = Debug|Any CPU
		{0AB158B6-36DA-4B9B-890E-CA6953714F55}.Release|Any CPU.ActiveCfg = Release|Any CPU
		{0AB158B6-36DA-4B9B-890E-CA6953714F55}.Release|Any CPU.Build.0 = Release|Any CPU
	EndGlobalSection
	GlobalSection(SolutionProperties) = preSolution
		HideSolutionNode = FALSE
	EndGlobalSection
	GlobalSection(ExtensibilityGlobals) = postSolution
		SolutionGuid = {81D6ED9D-2788-4D8F-B76D-B84CD462BFB6}
	EndGlobalSection
EndGlobal
