
Microsoft Visual Studio Solution File, Format Version 12.00
# Visual Studio Version 16
VisualStudioVersion = 16.0.31112.23
MinimumVisualStudioVersion = 10.0.40219.1
Project("{FAE04EC0-301F-11D3-BF4B-00C04F79EFBC}") = "Ejercicio_22", "Ejercicio_22\Ejercicio_22.csproj", "{8C2BB10D-3707-4D18-A98F-D1305C0032C4}"
EndProject
Project("{FAE04EC0-301F-11D3-BF4B-00C04F79EFBC}") = "Conversor", "Conversor\Conversor.csproj", "{ACE23044-9490-477F-81EF-EA1FA9B28583}"
EndProject
Global
	GlobalSection(SolutionConfigurationPlatforms) = preSolution
		Debug|Any CPU = Debug|Any CPU
		Release|Any CPU = Release|Any CPU
	EndGlobalSection
	GlobalSection(ProjectConfigurationPlatforms) = postSolution
		{8C2BB10D-3707-4D18-A98F-D1305C0032C4}.Debug|Any CPU.ActiveCfg = Debug|Any CPU
		{8C2BB10D-3707-4D18-A98F-D1305C0032C4}.Debug|Any CPU.Build.0 = Debug|Any CPU
		{8C2BB10D-3707-4D18-A98F-D1305C0032C4}.Release|Any CPU.ActiveCfg = Release|Any CPU
		{8C2BB10D-3707-4D18-A98F-D1305C0032C4}.Release|Any CPU.Build.0 = Release|Any CPU
		{ACE23044-9490-477F-81EF-EA1FA9B28583}.Debug|Any CPU.ActiveCfg = Debug|Any CPU
		{ACE23044-9490-477F-81EF-EA1FA9B28583}.Debug|Any CPU.Build.0 = Debug|Any CPU
		{ACE23044-9490-477F-81EF-EA1FA9B28583}.Release|Any CPU.ActiveCfg = Release|Any CPU
		{ACE23044-9490-477F-81EF-EA1FA9B28583}.Release|Any CPU.Build.0 = Release|Any CPU
	EndGlobalSection
	GlobalSection(SolutionProperties) = preSolution
		HideSolutionNode = FALSE
	EndGlobalSection
	GlobalSection(ExtensibilityGlobals) = postSolution
		SolutionGuid = {3975E194-ECF6-40D5-AD57-0C65F89FDCFC}
	EndGlobalSection
EndGlobal
