
Microsoft Visual Studio Solution File, Format Version 12.00
# Visual Studio Version 16
VisualStudioVersion = 16.0.30611.23
MinimumVisualStudioVersion = 10.0.40219.1
Project("{FAE04EC0-301F-11D3-BF4B-00C04F79EFBC}") = "WindowsFormsAppTest", "WindowsFormsAppTest\WindowsFormsAppTest.csproj", "{DAA8F268-FE9E-44A3-B5B3-0812DCDC27F6}"
EndProject
Project("{FAE04EC0-301F-11D3-BF4B-00C04F79EFBC}") = "EntidadesRPP", "EntidadesRPP\EntidadesRPP.csproj", "{24325AE2-D12B-45BF-9BBD-C973F986CA1B}"
EndProject
Global
	GlobalSection(SolutionConfigurationPlatforms) = preSolution
		Debug|Any CPU = Debug|Any CPU
		Release|Any CPU = Release|Any CPU
	EndGlobalSection
	GlobalSection(ProjectConfigurationPlatforms) = postSolution
		{DAA8F268-FE9E-44A3-B5B3-0812DCDC27F6}.Debug|Any CPU.ActiveCfg = Debug|Any CPU
		{DAA8F268-FE9E-44A3-B5B3-0812DCDC27F6}.Debug|Any CPU.Build.0 = Debug|Any CPU
		{DAA8F268-FE9E-44A3-B5B3-0812DCDC27F6}.Release|Any CPU.ActiveCfg = Release|Any CPU
		{DAA8F268-FE9E-44A3-B5B3-0812DCDC27F6}.Release|Any CPU.Build.0 = Release|Any CPU
		{24325AE2-D12B-45BF-9BBD-C973F986CA1B}.Debug|Any CPU.ActiveCfg = Debug|Any CPU
		{24325AE2-D12B-45BF-9BBD-C973F986CA1B}.Debug|Any CPU.Build.0 = Debug|Any CPU
		{24325AE2-D12B-45BF-9BBD-C973F986CA1B}.Release|Any CPU.ActiveCfg = Release|Any CPU
		{24325AE2-D12B-45BF-9BBD-C973F986CA1B}.Release|Any CPU.Build.0 = Release|Any CPU
	EndGlobalSection
	GlobalSection(SolutionProperties) = preSolution
		HideSolutionNode = FALSE
	EndGlobalSection
	GlobalSection(ExtensibilityGlobals) = postSolution
		SolutionGuid = {88108C55-403E-4868-B594-C6A4B079530D}
	EndGlobalSection
EndGlobal
