
Microsoft Visual Studio Solution File, Format Version 12.00
# Visual Studio Version 16
VisualStudioVersion = 16.0.31112.23
MinimumVisualStudioVersion = 10.0.40219.1
Project("{FAE04EC0-301F-11D3-BF4B-00C04F79EFBC}") = "Ejercicio_09", "Ejercicio_09\Ejercicio_09.csproj", "{200EBB76-7930-444D-AB4B-4872DB1161FD}"
EndProject
Global
	GlobalSection(SolutionConfigurationPlatforms) = preSolution
		Debug|Any CPU = Debug|Any CPU
		Release|Any CPU = Release|Any CPU
	EndGlobalSection
	GlobalSection(ProjectConfigurationPlatforms) = postSolution
		{200EBB76-7930-444D-AB4B-4872DB1161FD}.Debug|Any CPU.ActiveCfg = Debug|Any CPU
		{200EBB76-7930-444D-AB4B-4872DB1161FD}.Debug|Any CPU.Build.0 = Debug|Any CPU
		{200EBB76-7930-444D-AB4B-4872DB1161FD}.Release|Any CPU.ActiveCfg = Release|Any CPU
		{200EBB76-7930-444D-AB4B-4872DB1161FD}.Release|Any CPU.Build.0 = Release|Any CPU
	EndGlobalSection
	GlobalSection(SolutionProperties) = preSolution
		HideSolutionNode = FALSE
	EndGlobalSection
	GlobalSection(ExtensibilityGlobals) = postSolution
		SolutionGuid = {5DD343CE-1B03-485C-8808-B05724C82AF6}
	EndGlobalSection
EndGlobal
