
Microsoft Visual Studio Solution File, Format Version 12.00
# Visual Studio Version 16
VisualStudioVersion = 16.0.31112.23
MinimumVisualStudioVersion = 10.0.40219.1
Project("{FAE04EC0-301F-11D3-BF4B-00C04F79EFBC}") = "Practica_OOP", "Practica_OOP\Practica_OOP.csproj", "{1EDA086E-F4BD-4673-BB62-7520FD811C3F}"
EndProject
Project("{FAE04EC0-301F-11D3-BF4B-00C04F79EFBC}") = "ClassLibrary", "ClassLibrary\ClassLibrary.csproj", "{AD3F6289-866E-45C6-A6C2-BA245BA8C2A1}"
EndProject
Global
	GlobalSection(SolutionConfigurationPlatforms) = preSolution
		Debug|Any CPU = Debug|Any CPU
		Release|Any CPU = Release|Any CPU
	EndGlobalSection
	GlobalSection(ProjectConfigurationPlatforms) = postSolution
		{1EDA086E-F4BD-4673-BB62-7520FD811C3F}.Debug|Any CPU.ActiveCfg = Debug|Any CPU
		{1EDA086E-F4BD-4673-BB62-7520FD811C3F}.Debug|Any CPU.Build.0 = Debug|Any CPU
		{1EDA086E-F4BD-4673-BB62-7520FD811C3F}.Release|Any CPU.ActiveCfg = Release|Any CPU
		{1EDA086E-F4BD-4673-BB62-7520FD811C3F}.Release|Any CPU.Build.0 = Release|Any CPU
		{AD3F6289-866E-45C6-A6C2-BA245BA8C2A1}.Debug|Any CPU.ActiveCfg = Debug|Any CPU
		{AD3F6289-866E-45C6-A6C2-BA245BA8C2A1}.Debug|Any CPU.Build.0 = Debug|Any CPU
		{AD3F6289-866E-45C6-A6C2-BA245BA8C2A1}.Release|Any CPU.ActiveCfg = Release|Any CPU
		{AD3F6289-866E-45C6-A6C2-BA245BA8C2A1}.Release|Any CPU.Build.0 = Release|Any CPU
	EndGlobalSection
	GlobalSection(SolutionProperties) = preSolution
		HideSolutionNode = FALSE
	EndGlobalSection
	GlobalSection(ExtensibilityGlobals) = postSolution
		SolutionGuid = {A5F4FB73-1D40-42E5-A5B1-E15F8D4BB96E}
	EndGlobalSection
EndGlobal
