
Microsoft Visual Studio Solution File, Format Version 12.00
# Visual Studio Version 16
VisualStudioVersion = 16.0.31112.23
MinimumVisualStudioVersion = 10.0.40219.1
Project("{FAE04EC0-301F-11D3-BF4B-00C04F79EFBC}") = "Ejercicio_21", "Ejercicio_21\Ejercicio_21.csproj", "{BD59774C-599A-4C77-8155-906B42E537E4}"
EndProject
Project("{FAE04EC0-301F-11D3-BF4B-00C04F79EFBC}") = "Temperaturas", "Temperaturas\Temperaturas.csproj", "{3D7C04C4-3716-48F6-BFAA-FE302C6A7BFD}"
EndProject
Global
	GlobalSection(SolutionConfigurationPlatforms) = preSolution
		Debug|Any CPU = Debug|Any CPU
		Release|Any CPU = Release|Any CPU
	EndGlobalSection
	GlobalSection(ProjectConfigurationPlatforms) = postSolution
		{BD59774C-599A-4C77-8155-906B42E537E4}.Debug|Any CPU.ActiveCfg = Debug|Any CPU
		{BD59774C-599A-4C77-8155-906B42E537E4}.Debug|Any CPU.Build.0 = Debug|Any CPU
		{BD59774C-599A-4C77-8155-906B42E537E4}.Release|Any CPU.ActiveCfg = Release|Any CPU
		{BD59774C-599A-4C77-8155-906B42E537E4}.Release|Any CPU.Build.0 = Release|Any CPU
		{3D7C04C4-3716-48F6-BFAA-FE302C6A7BFD}.Debug|Any CPU.ActiveCfg = Debug|Any CPU
		{3D7C04C4-3716-48F6-BFAA-FE302C6A7BFD}.Debug|Any CPU.Build.0 = Debug|Any CPU
		{3D7C04C4-3716-48F6-BFAA-FE302C6A7BFD}.Release|Any CPU.ActiveCfg = Release|Any CPU
		{3D7C04C4-3716-48F6-BFAA-FE302C6A7BFD}.Release|Any CPU.Build.0 = Release|Any CPU
	EndGlobalSection
	GlobalSection(SolutionProperties) = preSolution
		HideSolutionNode = FALSE
	EndGlobalSection
	GlobalSection(ExtensibilityGlobals) = postSolution
		SolutionGuid = {7EDF0FC1-7A1F-40A8-8998-B960836168FD}
	EndGlobalSection
EndGlobal
