
Microsoft Visual Studio Solution File, Format Version 12.00
# Visual Studio Version 16
VisualStudioVersion = 16.0.31129.286
MinimumVisualStudioVersion = 10.0.40219.1
Project("{FAE04EC0-301F-11D3-BF4B-00C04F79EFBC}") = "CentralitaHerencia", "CentralitaHerencia\CentralitaHerencia.csproj", "{B9B502F8-DB4C-4C0B-9C5E-7E7DA8C972E3}"
EndProject
Project("{FAE04EC0-301F-11D3-BF4B-00C04F79EFBC}") = "Ejercicio_40_Forms", "Ejercicio_40_Forms\Ejercicio_40_Forms.csproj", "{4EEC6E0A-C2B0-4089-8E50-FDB8C523A733}"
EndProject
Global
	GlobalSection(SolutionConfigurationPlatforms) = preSolution
		Debug|Any CPU = Debug|Any CPU
		Release|Any CPU = Release|Any CPU
	EndGlobalSection
	GlobalSection(ProjectConfigurationPlatforms) = postSolution
		{B9B502F8-DB4C-4C0B-9C5E-7E7DA8C972E3}.Debug|Any CPU.ActiveCfg = Debug|Any CPU
		{B9B502F8-DB4C-4C0B-9C5E-7E7DA8C972E3}.Debug|Any CPU.Build.0 = Debug|Any CPU
		{B9B502F8-DB4C-4C0B-9C5E-7E7DA8C972E3}.Release|Any CPU.ActiveCfg = Release|Any CPU
		{B9B502F8-DB4C-4C0B-9C5E-7E7DA8C972E3}.Release|Any CPU.Build.0 = Release|Any CPU
		{4EEC6E0A-C2B0-4089-8E50-FDB8C523A733}.Debug|Any CPU.ActiveCfg = Debug|Any CPU
		{4EEC6E0A-C2B0-4089-8E50-FDB8C523A733}.Debug|Any CPU.Build.0 = Debug|Any CPU
		{4EEC6E0A-C2B0-4089-8E50-FDB8C523A733}.Release|Any CPU.ActiveCfg = Release|Any CPU
		{4EEC6E0A-C2B0-4089-8E50-FDB8C523A733}.Release|Any CPU.Build.0 = Release|Any CPU
	EndGlobalSection
	GlobalSection(SolutionProperties) = preSolution
		HideSolutionNode = FALSE
	EndGlobalSection
	GlobalSection(ExtensibilityGlobals) = postSolution
		SolutionGuid = {307AE5A8-5CDA-4BC7-BBDF-EDA95256FEE2}
	EndGlobalSection
EndGlobal
