
Microsoft Visual Studio Solution File, Format Version 12.00
# Visual Studio Version 16
VisualStudioVersion = 16.0.30413.136
MinimumVisualStudioVersion = 10.0.40219.1
Project("{FAE04EC0-301F-11D3-BF4B-00C04F79EFBC}") = "Ejercicio_5", "sarasa\Ejercicio_5.csproj", "{BB84DFC5-483A-4018-B03F-2241F49A8AF8}"
EndProject
Project("{FAE04EC0-301F-11D3-BF4B-00C04F79EFBC}") = "Ejercicio_1", "Ejercicio_1\Ejercicio_1.csproj", "{FBE8AFAA-337E-4E66-9A99-500683084BDC}"
EndProject
Project("{FAE04EC0-301F-11D3-BF4B-00C04F79EFBC}") = "Ejercicio_2", "Ejercicio_2\Ejercicio_2.csproj", "{3DDA79E1-4426-4F71-82A0-835608625123}"
EndProject
Project("{FAE04EC0-301F-11D3-BF4B-00C04F79EFBC}") = "Ejercicio_3", "Ejercicio_3\Ejercicio_3.csproj", "{644A4ACC-A543-48CF-9087-76F573581935}"
EndProject
Project("{FAE04EC0-301F-11D3-BF4B-00C04F79EFBC}") = "Ejercicio_4", "Ejercicio_4\Ejercicio_4.csproj", "{E4947DBB-1C7E-46AA-819D-FB80E6BCB251}"
EndProject
Project("{FAE04EC0-301F-11D3-BF4B-00C04F79EFBC}") = "Ejercicio_6", "Ejercicio_6\Ejercicio_6.csproj", "{62AB733D-9F1D-46B5-8BC1-4E63A4842141}"
EndProject
Project("{FAE04EC0-301F-11D3-BF4B-00C04F79EFBC}") = "Ejercicio_7", "Ejercicio_7\Ejercicio_7.csproj", "{25848CA2-2DAF-4874-9E3F-66333AA24458}"
EndProject
Project("{FAE04EC0-301F-11D3-BF4B-00C04F79EFBC}") = "Entidades", "ConsoleApp1\Entidades.csproj", "{D266AB77-85DC-4C45-991A-4B154152B0C5}"
EndProject
Project("{FAE04EC0-301F-11D3-BF4B-00C04F79EFBC}") = "ConsoleApp2", "ConsoleApp2\ConsoleApp2.csproj", "{535E9704-7FB7-4ED4-8567-64DE62022B3A}"
EndProject
Project("{FAE04EC0-301F-11D3-BF4B-00C04F79EFBC}") = "ValidarRango", "Ejercicio_11\ValidarRango.csproj", "{27183845-8633-4CEE-9151-D0DF7841ADA0}"
EndProject
Project("{FAE04EC0-301F-11D3-BF4B-00C04F79EFBC}") = "Ejercicio__11", "Ejercicio__11\Ejercicio__11.csproj", "{7AE27808-A810-4285-B449-E0BB2A29D8FE}"
EndProject
Project("{FAE04EC0-301F-11D3-BF4B-00C04F79EFBC}") = "Ejercicio_12", "Ejercicio_12\Ejercicio_12.csproj", "{C1117F64-2A55-492A-A30B-4316DA3BDDFB}"
EndProject
Project("{FAE04EC0-301F-11D3-BF4B-00C04F79EFBC}") = "Ejercicio_14", "Biblioteca\Ejercicio_14.csproj", "{56A0D718-E342-475F-9075-B9ADB84AA0EE}"
EndProject
Project("{FAE04EC0-301F-11D3-BF4B-00C04F79EFBC}") = "Ejercicio_15", "Ejercicio_15\Ejercicio_15.csproj", "{4EE22614-8032-4ED1-9CEC-A883CAD8D0AD}"
EndProject
Project("{FAE04EC0-301F-11D3-BF4B-00C04F79EFBC}") = "Ejercicio_16", "Ejercicio_16\Ejercicio_16.csproj", "{C677C5B4-F2A6-4643-A792-960A8E2B3A5E}"
EndProject
Project("{FAE04EC0-301F-11D3-BF4B-00C04F79EFBC}") = "Practica_array", "Practica_array\Practica_array.csproj", "{5AE606CB-174B-4A26-B393-013851391725}"
EndProject
Project("{FAE04EC0-301F-11D3-BF4B-00C04F79EFBC}") = "Clase_6", "Clase_6\Clase_6.csproj", "{1CDDBC5F-B44B-4324-A51D-D62272AFE28C}"
EndProject
Project("{FAE04EC0-301F-11D3-BF4B-00C04F79EFBC}") = "Ejercicio_20", "Ejercicio_20\Ejercicio_20.csproj", "{3251CBAD-63A5-4119-A7B7-1385766FD706}"
EndProject
Project("{FAE04EC0-301F-11D3-BF4B-00C04F79EFBC}") = "Ejercicio_17", "Ejercicio_17\Ejercicio_17.csproj", "{96D6142B-00AE-441B-9945-5CDCF317AE11}"
EndProject
Project("{FAE04EC0-301F-11D3-BF4B-00C04F79EFBC}") = "Ejercicio_19", "Ejercicio_19\Ejercicio_19.csproj", "{D2B71951-2D96-4254-BB1F-1787381A9C04}"
EndProject
Project("{FAE04EC0-301F-11D3-BF4B-00C04F79EFBC}") = "PRacticaPersona", "PRacticaPersona\PRacticaPersona.csproj", "{5DAA31B1-2CB0-4E38-BE66-754AFE16B309}"
EndProject
Project("{FAE04EC0-301F-11D3-BF4B-00C04F79EFBC}") = "Jardin", "Jardin\Jardin.csproj", "{E3883068-08CE-4495-8245-5A18AB4C82BD}"
EndProject
Global
	GlobalSection(SolutionConfigurationPlatforms) = preSolution
		Debug|Any CPU = Debug|Any CPU
		Release|Any CPU = Release|Any CPU
	EndGlobalSection
	GlobalSection(ProjectConfigurationPlatforms) = postSolution
		{BB84DFC5-483A-4018-B03F-2241F49A8AF8}.Debug|Any CPU.ActiveCfg = Debug|Any CPU
		{BB84DFC5-483A-4018-B03F-2241F49A8AF8}.Debug|Any CPU.Build.0 = Debug|Any CPU
		{BB84DFC5-483A-4018-B03F-2241F49A8AF8}.Release|Any CPU.ActiveCfg = Release|Any CPU
		{BB84DFC5-483A-4018-B03F-2241F49A8AF8}.Release|Any CPU.Build.0 = Release|Any CPU
		{FBE8AFAA-337E-4E66-9A99-500683084BDC}.Debug|Any CPU.ActiveCfg = Debug|Any CPU
		{FBE8AFAA-337E-4E66-9A99-500683084BDC}.Debug|Any CPU.Build.0 = Debug|Any CPU
		{FBE8AFAA-337E-4E66-9A99-500683084BDC}.Release|Any CPU.ActiveCfg = Release|Any CPU
		{FBE8AFAA-337E-4E66-9A99-500683084BDC}.Release|Any CPU.Build.0 = Release|Any CPU
		{3DDA79E1-4426-4F71-82A0-835608625123}.Debug|Any CPU.ActiveCfg = Debug|Any CPU
		{3DDA79E1-4426-4F71-82A0-835608625123}.Debug|Any CPU.Build.0 = Debug|Any CPU
		{3DDA79E1-4426-4F71-82A0-835608625123}.Release|Any CPU.ActiveCfg = Release|Any CPU
		{3DDA79E1-4426-4F71-82A0-835608625123}.Release|Any CPU.Build.0 = Release|Any CPU
		{644A4ACC-A543-48CF-9087-76F573581935}.Debug|Any CPU.ActiveCfg = Debug|Any CPU
		{644A4ACC-A543-48CF-9087-76F573581935}.Debug|Any CPU.Build.0 = Debug|Any CPU
		{644A4ACC-A543-48CF-9087-76F573581935}.Release|Any CPU.ActiveCfg = Release|Any CPU
		{644A4ACC-A543-48CF-9087-76F573581935}.Release|Any CPU.Build.0 = Release|Any CPU
		{E4947DBB-1C7E-46AA-819D-FB80E6BCB251}.Debug|Any CPU.ActiveCfg = Debug|Any CPU
		{E4947DBB-1C7E-46AA-819D-FB80E6BCB251}.Debug|Any CPU.Build.0 = Debug|Any CPU
		{E4947DBB-1C7E-46AA-819D-FB80E6BCB251}.Release|Any CPU.ActiveCfg = Release|Any CPU
		{E4947DBB-1C7E-46AA-819D-FB80E6BCB251}.Release|Any CPU.Build.0 = Release|Any CPU
		{62AB733D-9F1D-46B5-8BC1-4E63A4842141}.Debug|Any CPU.ActiveCfg = Debug|Any CPU
		{62AB733D-9F1D-46B5-8BC1-4E63A4842141}.Debug|Any CPU.Build.0 = Debug|Any CPU
		{62AB733D-9F1D-46B5-8BC1-4E63A4842141}.Release|Any CPU.ActiveCfg = Release|Any CPU
		{62AB733D-9F1D-46B5-8BC1-4E63A4842141}.Release|Any CPU.Build.0 = Release|Any CPU
		{25848CA2-2DAF-4874-9E3F-66333AA24458}.Debug|Any CPU.ActiveCfg = Debug|Any CPU
		{25848CA2-2DAF-4874-9E3F-66333AA24458}.Debug|Any CPU.Build.0 = Debug|Any CPU
		{25848CA2-2DAF-4874-9E3F-66333AA24458}.Release|Any CPU.ActiveCfg = Release|Any CPU
		{25848CA2-2DAF-4874-9E3F-66333AA24458}.Release|Any CPU.Build.0 = Release|Any CPU
		{D266AB77-85DC-4C45-991A-4B154152B0C5}.Debug|Any CPU.ActiveCfg = Debug|Any CPU
		{D266AB77-85DC-4C45-991A-4B154152B0C5}.Debug|Any CPU.Build.0 = Debug|Any CPU
		{D266AB77-85DC-4C45-991A-4B154152B0C5}.Release|Any CPU.ActiveCfg = Release|Any CPU
		{D266AB77-85DC-4C45-991A-4B154152B0C5}.Release|Any CPU.Build.0 = Release|Any CPU
		{535E9704-7FB7-4ED4-8567-64DE62022B3A}.Debug|Any CPU.ActiveCfg = Debug|Any CPU
		{535E9704-7FB7-4ED4-8567-64DE62022B3A}.Debug|Any CPU.Build.0 = Debug|Any CPU
		{535E9704-7FB7-4ED4-8567-64DE62022B3A}.Release|Any CPU.ActiveCfg = Release|Any CPU
		{535E9704-7FB7-4ED4-8567-64DE62022B3A}.Release|Any CPU.Build.0 = Release|Any CPU
		{27183845-8633-4CEE-9151-D0DF7841ADA0}.Debug|Any CPU.ActiveCfg = Debug|Any CPU
		{27183845-8633-4CEE-9151-D0DF7841ADA0}.Debug|Any CPU.Build.0 = Debug|Any CPU
		{27183845-8633-4CEE-9151-D0DF7841ADA0}.Release|Any CPU.ActiveCfg = Release|Any CPU
		{27183845-8633-4CEE-9151-D0DF7841ADA0}.Release|Any CPU.Build.0 = Release|Any CPU
		{7AE27808-A810-4285-B449-E0BB2A29D8FE}.Debug|Any CPU.ActiveCfg = Debug|Any CPU
		{7AE27808-A810-4285-B449-E0BB2A29D8FE}.Debug|Any CPU.Build.0 = Debug|Any CPU
		{7AE27808-A810-4285-B449-E0BB2A29D8FE}.Release|Any CPU.ActiveCfg = Release|Any CPU
		{7AE27808-A810-4285-B449-E0BB2A29D8FE}.Release|Any CPU.Build.0 = Release|Any CPU
		{C1117F64-2A55-492A-A30B-4316DA3BDDFB}.Debug|Any CPU.ActiveCfg = Debug|Any CPU
		{C1117F64-2A55-492A-A30B-4316DA3BDDFB}.Debug|Any CPU.Build.0 = Debug|Any CPU
		{C1117F64-2A55-492A-A30B-4316DA3BDDFB}.Release|Any CPU.ActiveCfg = Release|Any CPU
		{C1117F64-2A55-492A-A30B-4316DA3BDDFB}.Release|Any CPU.Build.0 = Release|Any CPU
		{56A0D718-E342-475F-9075-B9ADB84AA0EE}.Debug|Any CPU.ActiveCfg = Debug|Any CPU
		{56A0D718-E342-475F-9075-B9ADB84AA0EE}.Debug|Any CPU.Build.0 = Debug|Any CPU
		{56A0D718-E342-475F-9075-B9ADB84AA0EE}.Release|Any CPU.ActiveCfg = Release|Any CPU
		{56A0D718-E342-475F-9075-B9ADB84AA0EE}.Release|Any CPU.Build.0 = Release|Any CPU
		{4EE22614-8032-4ED1-9CEC-A883CAD8D0AD}.Debug|Any CPU.ActiveCfg = Debug|Any CPU
		{4EE22614-8032-4ED1-9CEC-A883CAD8D0AD}.Debug|Any CPU.Build.0 = Debug|Any CPU
		{4EE22614-8032-4ED1-9CEC-A883CAD8D0AD}.Release|Any CPU.ActiveCfg = Release|Any CPU
		{4EE22614-8032-4ED1-9CEC-A883CAD8D0AD}.Release|Any CPU.Build.0 = Release|Any CPU
		{C677C5B4-F2A6-4643-A792-960A8E2B3A5E}.Debug|Any CPU.ActiveCfg = Debug|Any CPU
		{C677C5B4-F2A6-4643-A792-960A8E2B3A5E}.Debug|Any CPU.Build.0 = Debug|Any CPU
		{C677C5B4-F2A6-4643-A792-960A8E2B3A5E}.Release|Any CPU.ActiveCfg = Release|Any CPU
		{C677C5B4-F2A6-4643-A792-960A8E2B3A5E}.Release|Any CPU.Build.0 = Release|Any CPU
		{5AE606CB-174B-4A26-B393-013851391725}.Debug|Any CPU.ActiveCfg = Debug|Any CPU
		{5AE606CB-174B-4A26-B393-013851391725}.Debug|Any CPU.Build.0 = Debug|Any CPU
		{5AE606CB-174B-4A26-B393-013851391725}.Release|Any CPU.ActiveCfg = Release|Any CPU
		{5AE606CB-174B-4A26-B393-013851391725}.Release|Any CPU.Build.0 = Release|Any CPU
		{1CDDBC5F-B44B-4324-A51D-D62272AFE28C}.Debug|Any CPU.ActiveCfg = Debug|Any CPU
		{1CDDBC5F-B44B-4324-A51D-D62272AFE28C}.Debug|Any CPU.Build.0 = Debug|Any CPU
		{1CDDBC5F-B44B-4324-A51D-D62272AFE28C}.Release|Any CPU.ActiveCfg = Release|Any CPU
		{1CDDBC5F-B44B-4324-A51D-D62272AFE28C}.Release|Any CPU.Build.0 = Release|Any CPU
		{3251CBAD-63A5-4119-A7B7-1385766FD706}.Debug|Any CPU.ActiveCfg = Debug|Any CPU
		{3251CBAD-63A5-4119-A7B7-1385766FD706}.Debug|Any CPU.Build.0 = Debug|Any CPU
		{3251CBAD-63A5-4119-A7B7-1385766FD706}.Release|Any CPU.ActiveCfg = Release|Any CPU
		{3251CBAD-63A5-4119-A7B7-1385766FD706}.Release|Any CPU.Build.0 = Release|Any CPU
		{96D6142B-00AE-441B-9945-5CDCF317AE11}.Debug|Any CPU.ActiveCfg = Debug|Any CPU
		{96D6142B-00AE-441B-9945-5CDCF317AE11}.Debug|Any CPU.Build.0 = Debug|Any CPU
		{96D6142B-00AE-441B-9945-5CDCF317AE11}.Release|Any CPU.ActiveCfg = Release|Any CPU
		{96D6142B-00AE-441B-9945-5CDCF317AE11}.Release|Any CPU.Build.0 = Release|Any CPU
		{D2B71951-2D96-4254-BB1F-1787381A9C04}.Debug|Any CPU.ActiveCfg = Debug|Any CPU
		{D2B71951-2D96-4254-BB1F-1787381A9C04}.Debug|Any CPU.Build.0 = Debug|Any CPU
		{D2B71951-2D96-4254-BB1F-1787381A9C04}.Release|Any CPU.ActiveCfg = Release|Any CPU
		{D2B71951-2D96-4254-BB1F-1787381A9C04}.Release|Any CPU.Build.0 = Release|Any CPU
		{5DAA31B1-2CB0-4E38-BE66-754AFE16B309}.Debug|Any CPU.ActiveCfg = Debug|Any CPU
		{5DAA31B1-2CB0-4E38-BE66-754AFE16B309}.Debug|Any CPU.Build.0 = Debug|Any CPU
		{5DAA31B1-2CB0-4E38-BE66-754AFE16B309}.Release|Any CPU.ActiveCfg = Release|Any CPU
		{5DAA31B1-2CB0-4E38-BE66-754AFE16B309}.Release|Any CPU.Build.0 = Release|Any CPU
		{E3883068-08CE-4495-8245-5A18AB4C82BD}.Debug|Any CPU.ActiveCfg = Debug|Any CPU
		{E3883068-08CE-4495-8245-5A18AB4C82BD}.Debug|Any CPU.Build.0 = Debug|Any CPU
		{E3883068-08CE-4495-8245-5A18AB4C82BD}.Release|Any CPU.ActiveCfg = Release|Any CPU
		{E3883068-08CE-4495-8245-5A18AB4C82BD}.Release|Any CPU.Build.0 = Release|Any CPU
	EndGlobalSection
	GlobalSection(SolutionProperties) = preSolution
		HideSolutionNode = FALSE
	EndGlobalSection
	GlobalSection(ExtensibilityGlobals) = postSolution
		SolutionGuid = {5CAB1D70-A8B0-4481-A646-659C15E342EC}
	EndGlobalSection
EndGlobal
