
Microsoft Visual Studio Solution File, Format Version 12.00
# Visual Studio Version 16
VisualStudioVersion = 16.0.31129.286
MinimumVisualStudioVersion = 10.0.40219.1
Project("{FAE04EC0-301F-11D3-BF4B-00C04F79EFBC}") = "Ejercicio_33", "Ejercicio_33\Ejercicio_33.csproj", "{A2EB3F8F-3F47-44FD-9561-9E22F9FD997E}"
EndProject
Project("{FAE04EC0-301F-11D3-BF4B-00C04F79EFBC}") = "Clases", "Clases\Clases.csproj", "{FDDD54CD-7234-48EA-A7E9-7633ECF5E7AA}"
EndProject
Global
	GlobalSection(SolutionConfigurationPlatforms) = preSolution
		Debug|Any CPU = Debug|Any CPU
		Release|Any CPU = Release|Any CPU
	EndGlobalSection
	GlobalSection(ProjectConfigurationPlatforms) = postSolution
		{A2EB3F8F-3F47-44FD-9561-9E22F9FD997E}.Debug|Any CPU.ActiveCfg = Debug|Any CPU
		{A2EB3F8F-3F47-44FD-9561-9E22F9FD997E}.Debug|Any CPU.Build.0 = Debug|Any CPU
		{A2EB3F8F-3F47-44FD-9561-9E22F9FD997E}.Release|Any CPU.ActiveCfg = Release|Any CPU
		{A2EB3F8F-3F47-44FD-9561-9E22F9FD997E}.Release|Any CPU.Build.0 = Release|Any CPU
		{FDDD54CD-7234-48EA-A7E9-7633ECF5E7AA}.Debug|Any CPU.ActiveCfg = Debug|Any CPU
		{FDDD54CD-7234-48EA-A7E9-7633ECF5E7AA}.Debug|Any CPU.Build.0 = Debug|Any CPU
		{FDDD54CD-7234-48EA-A7E9-7633ECF5E7AA}.Release|Any CPU.ActiveCfg = Release|Any CPU
		{FDDD54CD-7234-48EA-A7E9-7633ECF5E7AA}.Release|Any CPU.Build.0 = Release|Any CPU
	EndGlobalSection
	GlobalSection(SolutionProperties) = preSolution
		HideSolutionNode = FALSE
	EndGlobalSection
	GlobalSection(ExtensibilityGlobals) = postSolution
		SolutionGuid = {7090C54C-EBC0-40DA-9F4A-A409DA49FB87}
	EndGlobalSection
EndGlobal
