
Microsoft Visual Studio Solution File, Format Version 12.00
# Visual Studio Version 16
VisualStudioVersion = 16.0.31112.23
MinimumVisualStudioVersion = 10.0.40219.1
Project("{FAE04EC0-301F-11D3-BF4B-00C04F79EFBC}") = "Ejercicio_18", "Ejercicio_18\Ejercicio_18.csproj", "{E707269A-5D70-4E1D-9BA9-866FE52BD3F2}"
EndProject
Project("{FAE04EC0-301F-11D3-BF4B-00C04F79EFBC}") = "Geometria", "Geometria\Geometria.csproj", "{154ED1D0-A9C1-4729-B19D-A5ABFF42E3D1}"
EndProject
Global
	GlobalSection(SolutionConfigurationPlatforms) = preSolution
		Debug|Any CPU = Debug|Any CPU
		Release|Any CPU = Release|Any CPU
	EndGlobalSection
	GlobalSection(ProjectConfigurationPlatforms) = postSolution
		{E707269A-5D70-4E1D-9BA9-866FE52BD3F2}.Debug|Any CPU.ActiveCfg = Debug|Any CPU
		{E707269A-5D70-4E1D-9BA9-866FE52BD3F2}.Debug|Any CPU.Build.0 = Debug|Any CPU
		{E707269A-5D70-4E1D-9BA9-866FE52BD3F2}.Release|Any CPU.ActiveCfg = Release|Any CPU
		{E707269A-5D70-4E1D-9BA9-866FE52BD3F2}.Release|Any CPU.Build.0 = Release|Any CPU
		{154ED1D0-A9C1-4729-B19D-A5ABFF42E3D1}.Debug|Any CPU.ActiveCfg = Debug|Any CPU
		{154ED1D0-A9C1-4729-B19D-A5ABFF42E3D1}.Debug|Any CPU.Build.0 = Debug|Any CPU
		{154ED1D0-A9C1-4729-B19D-A5ABFF42E3D1}.Release|Any CPU.ActiveCfg = Release|Any CPU
		{154ED1D0-A9C1-4729-B19D-A5ABFF42E3D1}.Release|Any CPU.Build.0 = Release|Any CPU
	EndGlobalSection
	GlobalSection(SolutionProperties) = preSolution
		HideSolutionNode = FALSE
	EndGlobalSection
	GlobalSection(ExtensibilityGlobals) = postSolution
		SolutionGuid = {75E9DD30-E1D5-4670-8680-D9EA65960B63}
	EndGlobalSection
EndGlobal
