
Microsoft Visual Studio Solution File, Format Version 12.00
# Visual Studio Version 16
VisualStudioVersion = 16.0.31129.286
MinimumVisualStudioVersion = 10.0.40219.1
Project("{FAE04EC0-301F-11D3-BF4B-00C04F79EFBC}") = "Financiera.GUI", "Financiera.GUI\2017_PP_Financiera.csproj", "{6585C122-5228-4C08-9CCC-C5BABC7D06E2}"
EndProject
Project("{FAE04EC0-301F-11D3-BF4B-00C04F79EFBC}") = "Financiera.Entidades", "Financiera.Entidades\Entidades.csproj", "{79AA840B-688E-4694-B7CB-D5A7F17046C3}"
EndProject
Global
	GlobalSection(SolutionConfigurationPlatforms) = preSolution
		Debug|Any CPU = Debug|Any CPU
		Release|Any CPU = Release|Any CPU
	EndGlobalSection
	GlobalSection(ProjectConfigurationPlatforms) = postSolution
		{6585C122-5228-4C08-9CCC-C5BABC7D06E2}.Debug|Any CPU.ActiveCfg = Debug|Any CPU
		{6585C122-5228-4C08-9CCC-C5BABC7D06E2}.Debug|Any CPU.Build.0 = Debug|Any CPU
		{6585C122-5228-4C08-9CCC-C5BABC7D06E2}.Release|Any CPU.ActiveCfg = Release|Any CPU
		{6585C122-5228-4C08-9CCC-C5BABC7D06E2}.Release|Any CPU.Build.0 = Release|Any CPU
		{79AA840B-688E-4694-B7CB-D5A7F17046C3}.Debug|Any CPU.ActiveCfg = Debug|Any CPU
		{79AA840B-688E-4694-B7CB-D5A7F17046C3}.Debug|Any CPU.Build.0 = Debug|Any CPU
		{79AA840B-688E-4694-B7CB-D5A7F17046C3}.Release|Any CPU.ActiveCfg = Release|Any CPU
		{79AA840B-688E-4694-B7CB-D5A7F17046C3}.Release|Any CPU.Build.0 = Release|Any CPU
	EndGlobalSection
	GlobalSection(SolutionProperties) = preSolution
		HideSolutionNode = FALSE
	EndGlobalSection
	GlobalSection(ExtensibilityGlobals) = postSolution
		SolutionGuid = {35434E3D-591D-4839-A333-60D0AA146451}
	EndGlobalSection
EndGlobal
