
Microsoft Visual Studio Solution File, Format Version 12.00
# Visual Studio Version 16
VisualStudioVersion = 16.0.31424.327
MinimumVisualStudioVersion = 10.0.40219.1
Project("{FAE04EC0-301F-11D3-BF4B-00C04F79EFBC}") = "Ejercicio_72.Console", "Ejercicio_72\Ejercicio_72.Console.csproj", "{533E5EF0-7632-418A-8648-A6E05A697423}"
EndProject
Project("{FAE04EC0-301F-11D3-BF4B-00C04F79EFBC}") = "Ejercicio_72.Models", "Ejercicio_72.Models\Ejercicio_72.Models.csproj", "{EC32DCF9-0A18-4434-A30E-0D82A2520154}"
EndProject
Global
	GlobalSection(SolutionConfigurationPlatforms) = preSolution
		Debug|Any CPU = Debug|Any CPU
		Release|Any CPU = Release|Any CPU
	EndGlobalSection
	GlobalSection(ProjectConfigurationPlatforms) = postSolution
		{533E5EF0-7632-418A-8648-A6E05A697423}.Debug|Any CPU.ActiveCfg = Debug|Any CPU
		{533E5EF0-7632-418A-8648-A6E05A697423}.Debug|Any CPU.Build.0 = Debug|Any CPU
		{533E5EF0-7632-418A-8648-A6E05A697423}.Release|Any CPU.ActiveCfg = Release|Any CPU
		{533E5EF0-7632-418A-8648-A6E05A697423}.Release|Any CPU.Build.0 = Release|Any CPU
		{EC32DCF9-0A18-4434-A30E-0D82A2520154}.Debug|Any CPU.ActiveCfg = Debug|Any CPU
		{EC32DCF9-0A18-4434-A30E-0D82A2520154}.Debug|Any CPU.Build.0 = Debug|Any CPU
		{EC32DCF9-0A18-4434-A30E-0D82A2520154}.Release|Any CPU.ActiveCfg = Release|Any CPU
		{EC32DCF9-0A18-4434-A30E-0D82A2520154}.Release|Any CPU.Build.0 = Release|Any CPU
	EndGlobalSection
	GlobalSection(SolutionProperties) = preSolution
		HideSolutionNode = FALSE
	EndGlobalSection
	GlobalSection(ExtensibilityGlobals) = postSolution
		SolutionGuid = {77B78A7F-969F-4577-AEFC-D1E8054FF74B}
	EndGlobalSection
EndGlobal
