
Microsoft Visual Studio Solution File, Format Version 12.00
# Visual Studio Version 16
VisualStudioVersion = 16.0.31129.286
MinimumVisualStudioVersion = 10.0.40219.1
Project("{FAE04EC0-301F-11D3-BF4B-00C04F79EFBC}") = "PP_Receta", "PP_Receta\PP_Receta.csproj", "{99AA1A78-1212-4CD9-A88D-EDE17C76EFC5}"
EndProject
Project("{FAE04EC0-301F-11D3-BF4B-00C04F79EFBC}") = "Entidades", "Entidades\Entidades.csproj", "{4F0E8E53-A558-4968-9376-E23A90A883CF}"
EndProject
Global
	GlobalSection(SolutionConfigurationPlatforms) = preSolution
		Debug|Any CPU = Debug|Any CPU
		Release|Any CPU = Release|Any CPU
	EndGlobalSection
	GlobalSection(ProjectConfigurationPlatforms) = postSolution
		{99AA1A78-1212-4CD9-A88D-EDE17C76EFC5}.Debug|Any CPU.ActiveCfg = Debug|Any CPU
		{99AA1A78-1212-4CD9-A88D-EDE17C76EFC5}.Debug|Any CPU.Build.0 = Debug|Any CPU
		{99AA1A78-1212-4CD9-A88D-EDE17C76EFC5}.Release|Any CPU.ActiveCfg = Release|Any CPU
		{99AA1A78-1212-4CD9-A88D-EDE17C76EFC5}.Release|Any CPU.Build.0 = Release|Any CPU
		{4F0E8E53-A558-4968-9376-E23A90A883CF}.Debug|Any CPU.ActiveCfg = Debug|Any CPU
		{4F0E8E53-A558-4968-9376-E23A90A883CF}.Debug|Any CPU.Build.0 = Debug|Any CPU
		{4F0E8E53-A558-4968-9376-E23A90A883CF}.Release|Any CPU.ActiveCfg = Release|Any CPU
		{4F0E8E53-A558-4968-9376-E23A90A883CF}.Release|Any CPU.Build.0 = Release|Any CPU
	EndGlobalSection
	GlobalSection(SolutionProperties) = preSolution
		HideSolutionNode = FALSE
	EndGlobalSection
	GlobalSection(ExtensibilityGlobals) = postSolution
		SolutionGuid = {ED2CAF9C-2E13-4FE2-A0FB-339AA327D847}
	EndGlobalSection
EndGlobal
